PODS:
  - Cache (5.2.0)
  - ReachabilitySwift (5.0.0)
  - Reusable (4.1.1):
    - Reusable/Storyboard (= 4.1.1)
    - Reusable/View (= 4.1.1)
  - Reusable/Storyboard (4.1.1)
  - Reusable/View (4.1.1)
  - SwiftGen (6.1.0)

DEPENDENCIES:
  - Cache
  - ReachabilitySwift
  - Reusable
  - SwiftGen

SPEC REPOS:
  trunk:
    - Cache
    - ReachabilitySwift
    - Reusable
    - SwiftGen

SPEC CHECKSUMS:
  Cache: 807c5d86d01a177f06ede9865add3aea269bbfd4
  ReachabilitySwift: 985039c6f7b23a1da463388634119492ff86c825
  Reusable: 53a9acf5c536f229b31b5865782414b508252ddb
  SwiftGen: f872ca75cbd17bf7103c17f13dcfa0d9a15667b0

PODFILE CHECKSUM: c695537bbc1e2ed9ac6b3b666c2ae83dec54d0fd

COCOAPODS: 1.9.3
