// !$*UTF8*$!
{
	archiveVersion = 1;
	classes = {
	};
	objectVersion = 50;
	objects = {

/* Begin PBXBuildFile section */
		4D1AC431263986290071EB23 /* HistoryListRepository.swift in Sources */ = {isa = PBXBuildFile; fileRef = 4D1AC430263986290071EB23 /* HistoryListRepository.swift */; };
		4D1AC432263986290071EB23 /* HistoryListRepository.swift in Sources */ = {isa = PBXBuildFile; fileRef = 4D1AC430263986290071EB23 /* HistoryListRepository.swift */; };
		4D2D172C2637F99800C274A2 /* CellConfigurating.swift in Sources */ = {isa = PBXBuildFile; fileRef = 4D2D172A2637F99800C274A2 /* CellConfigurating.swift */; };
		4D2D172D2637F99800C274A2 /* CollectionDataProvider.swift in Sources */ = {isa = PBXBuildFile; fileRef = 4D2D172B2637F99800C274A2 /* CollectionDataProvider.swift */; };
		4D2D17352637FBDC00C274A2 /* TableViewDataSource.swift in Sources */ = {isa = PBXBuildFile; fileRef = 4D2D17322637FBDC00C274A2 /* TableViewDataSource.swift */; };
		4D2D17362637FBDC00C274A2 /* CellConfigurator.swift in Sources */ = {isa = PBXBuildFile; fileRef = 4D2D17332637FBDC00C274A2 /* CellConfigurator.swift */; };
		4D2D17372637FBDC00C274A2 /* TableViewDelegate.swift in Sources */ = {isa = PBXBuildFile; fileRef = 4D2D17342637FBDC00C274A2 /* TableViewDelegate.swift */; };
		4D2D173E2637FC9400C274A2 /* HistoryDetailsInformationViewController.swift in Sources */ = {isa = PBXBuildFile; fileRef = 4D2D173C2637FC9400C274A2 /* HistoryDetailsInformationViewController.swift */; };
		4D2D173F2637FC9400C274A2 /* HistoryDetailsInformationViewController.xib in Resources */ = {isa = PBXBuildFile; fileRef = 4D2D173D2637FC9400C274A2 /* HistoryDetailsInformationViewController.xib */; };
		4D2D17442637FCAC00C274A2 /* HistoryDetailsInformationDataProvider.swift in Sources */ = {isa = PBXBuildFile; fileRef = 4D2D17432637FCAC00C274A2 /* HistoryDetailsInformationDataProvider.swift */; };
		4D2D17452637FCAC00C274A2 /* HistoryDetailsInformationDataProvider.swift in Sources */ = {isa = PBXBuildFile; fileRef = 4D2D17432637FCAC00C274A2 /* HistoryDetailsInformationDataProvider.swift */; };
		4D2D174A2637FD1B00C274A2 /* HistoryDetailsInformationDataSource.swift in Sources */ = {isa = PBXBuildFile; fileRef = 4D2D17492637FD1B00C274A2 /* HistoryDetailsInformationDataSource.swift */; };
		4D2D17502638021400C274A2 /* ContactInformationTableViewCellViewModel.swift in Sources */ = {isa = PBXBuildFile; fileRef = 4D2D174F2638021400C274A2 /* ContactInformationTableViewCellViewModel.swift */; };
		4D2D17512638021400C274A2 /* ContactInformationTableViewCellViewModel.swift in Sources */ = {isa = PBXBuildFile; fileRef = 4D2D174F2638021400C274A2 /* ContactInformationTableViewCellViewModel.swift */; };
		4D2D17592638022200C274A2 /* CallInformationPhoneOperatorTableViewCellViewModel.swift in Sources */ = {isa = PBXBuildFile; fileRef = 4D2D17582638022200C274A2 /* CallInformationPhoneOperatorTableViewCellViewModel.swift */; };
		4D2D175A2638022200C274A2 /* CallInformationPhoneOperatorTableViewCellViewModel.swift in Sources */ = {isa = PBXBuildFile; fileRef = 4D2D17582638022200C274A2 /* CallInformationPhoneOperatorTableViewCellViewModel.swift */; };
		4D2D175F263802D000C274A2 /* GenericTableViewCellViewModelProtocol.swift in Sources */ = {isa = PBXBuildFile; fileRef = 4D2D175E263802D000C274A2 /* GenericTableViewCellViewModelProtocol.swift */; };
		4D2D1760263802D000C274A2 /* GenericTableViewCellViewModelProtocol.swift in Sources */ = {isa = PBXBuildFile; fileRef = 4D2D175E263802D000C274A2 /* GenericTableViewCellViewModelProtocol.swift */; };
		4D2D1768263806BA00C274A2 /* CallInformationDirectionTableViewCellViewModel.swift in Sources */ = {isa = PBXBuildFile; fileRef = 4D2D1767263806BA00C274A2 /* CallInformationDirectionTableViewCellViewModel.swift */; };
		4D2D1769263806BA00C274A2 /* CallInformationDirectionTableViewCellViewModel.swift in Sources */ = {isa = PBXBuildFile; fileRef = 4D2D1767263806BA00C274A2 /* CallInformationDirectionTableViewCellViewModel.swift */; };
		4D2D176E2638185300C274A2 /* HistoryDetailsInformationDelegate.swift in Sources */ = {isa = PBXBuildFile; fileRef = 4D2D176D2638185300C274A2 /* HistoryDetailsInformationDelegate.swift */; };
		4D2D176F2638185300C274A2 /* HistoryDetailsInformationDelegate.swift in Sources */ = {isa = PBXBuildFile; fileRef = 4D2D176D2638185300C274A2 /* HistoryDetailsInformationDelegate.swift */; };
		4D3643102634B48500E6919D /* AppDelegate.swift in Sources */ = {isa = PBXBuildFile; fileRef = 4D36430F2634B48500E6919D /* AppDelegate.swift */; };
		4D3643122634B48500E6919D /* SceneDelegate.swift in Sources */ = {isa = PBXBuildFile; fileRef = 4D3643112634B48500E6919D /* SceneDelegate.swift */; };
		4D3643142634B48500E6919D /* ViewController.swift in Sources */ = {isa = PBXBuildFile; fileRef = 4D3643132634B48500E6919D /* ViewController.swift */; };
		4D3643172634B48500E6919D /* Main.storyboard in Resources */ = {isa = PBXBuildFile; fileRef = 4D3643152634B48500E6919D /* Main.storyboard */; };
		4D36431A2634B48500E6919D /* AircallLaurent.xcdatamodeld in Sources */ = {isa = PBXBuildFile; fileRef = 4D3643182634B48500E6919D /* AircallLaurent.xcdatamodeld */; };
		4D36431C2634B48600E6919D /* Assets.xcassets in Resources */ = {isa = PBXBuildFile; fileRef = 4D36431B2634B48600E6919D /* Assets.xcassets */; };
		4D36431F2634B48600E6919D /* LaunchScreen.storyboard in Resources */ = {isa = PBXBuildFile; fileRef = 4D36431D2634B48600E6919D /* LaunchScreen.storyboard */; };
		4D36432A2634B48700E6919D /* AircallLaurentTests.swift in Sources */ = {isa = PBXBuildFile; fileRef = 4D3643292634B48700E6919D /* AircallLaurentTests.swift */; };
		4D3643352634B48700E6919D /* AircallLaurentUITests.swift in Sources */ = {isa = PBXBuildFile; fileRef = 4D3643342634B48700E6919D /* AircallLaurentUITests.swift */; };
		4D36434D2634BB1100E6919D /* HistorySplitViewController.swift in Sources */ = {isa = PBXBuildFile; fileRef = 4D36434B2634BB1100E6919D /* HistorySplitViewController.swift */; };
		4D36434E2634BB1100E6919D /* HistorySplitViewController.xib in Resources */ = {isa = PBXBuildFile; fileRef = 4D36434C2634BB1100E6919D /* HistorySplitViewController.xib */; };
		4D3643592634BB4B00E6919D /* HistoryListViewController.swift in Sources */ = {isa = PBXBuildFile; fileRef = 4D3643572634BB4B00E6919D /* HistoryListViewController.swift */; };
		4D36435A2634BB4B00E6919D /* HistoryListViewController.xib in Resources */ = {isa = PBXBuildFile; fileRef = 4D3643582634BB4B00E6919D /* HistoryListViewController.xib */; };
		4D3643632634BBA100E6919D /* HistoryDetailsViewController.swift in Sources */ = {isa = PBXBuildFile; fileRef = 4D3643612634BBA100E6919D /* HistoryDetailsViewController.swift */; };
		4D3643642634BBA100E6919D /* HistoryDetailsViewController.xib in Resources */ = {isa = PBXBuildFile; fileRef = 4D3643622634BBA100E6919D /* HistoryDetailsViewController.xib */; };
		4D5072E02635F0C1001C0904 /* HistoryDetailsActionViewController.swift in Sources */ = {isa = PBXBuildFile; fileRef = 4D5072DE2635F0C1001C0904 /* HistoryDetailsActionViewController.swift */; };
		4D5072E12635F0C1001C0904 /* HistoryDetailsActionViewController.xib in Resources */ = {isa = PBXBuildFile; fileRef = 4D5072DF2635F0C1001C0904 /* HistoryDetailsActionViewController.xib */; };
		4D5072F02635F8D3001C0904 /* ActionView.xib in Resources */ = {isa = PBXBuildFile; fileRef = 4D5072EF2635F8D3001C0904 /* ActionView.xib */; };
		4D5073082635FB14001C0904 /* UIView+AutoLayout.swift in Sources */ = {isa = PBXBuildFile; fileRef = 4D5072F62635FB13001C0904 /* UIView+AutoLayout.swift */; };
		4D5073092635FB14001C0904 /* UIViewcontroller+Container.swift in Sources */ = {isa = PBXBuildFile; fileRef = 4D5072F72635FB13001C0904 /* UIViewcontroller+Container.swift */; };
		4D50730A2635FB14001C0904 /* Reusable.swift in Sources */ = {isa = PBXBuildFile; fileRef = 4D5072FA2635FB13001C0904 /* Reusable.swift */; };
		4D50730B2635FB14001C0904 /* NibInstanciable.swift in Sources */ = {isa = PBXBuildFile; fileRef = 4D5072FB2635FB13001C0904 /* NibInstanciable.swift */; };
		4D50730D2635FB14001C0904 /* Configurable.swift in Sources */ = {isa = PBXBuildFile; fileRef = 4D5072FE2635FB14001C0904 /* Configurable.swift */; };
		4D5073132635FB14001C0904 /* ConstraintType.swift in Sources */ = {isa = PBXBuildFile; fileRef = 4D5073072635FB14001C0904 /* ConstraintType.swift */; };
		4D5073242635FCAB001C0904 /* ActionView.swift in Sources */ = {isa = PBXBuildFile; fileRef = 4D5073232635FCAB001C0904 /* ActionView.swift */; };
		4D507329263600DE001C0904 /* Themeable.swift in Sources */ = {isa = PBXBuildFile; fileRef = 4D507328263600DE001C0904 /* Themeable.swift */; };
		4D50732E26360605001C0904 /* HistoryDetailsViewModel.swift in Sources */ = {isa = PBXBuildFile; fileRef = 4D50732D26360605001C0904 /* HistoryDetailsViewModel.swift */; };
		4D50732F26360605001C0904 /* HistoryDetailsViewModel.swift in Sources */ = {isa = PBXBuildFile; fileRef = 4D50732D26360605001C0904 /* HistoryDetailsViewModel.swift */; };
		4D50733626360802001C0904 /* GenericTableViewCell.swift in Sources */ = {isa = PBXBuildFile; fileRef = 4D50733426360802001C0904 /* GenericTableViewCell.swift */; };
		4D50733726360802001C0904 /* GenericTableViewCell.xib in Resources */ = {isa = PBXBuildFile; fileRef = 4D50733526360802001C0904 /* GenericTableViewCell.xib */; };
		4D50733C26360F50001C0904 /* CallTableViewCellViewModel.swift in Sources */ = {isa = PBXBuildFile; fileRef = 4D50733B26360F50001C0904 /* CallTableViewCellViewModel.swift */; };
		4D50733D26360F50001C0904 /* CallTableViewCellViewModel.swift in Sources */ = {isa = PBXBuildFile; fileRef = 4D50733B26360F50001C0904 /* CallTableViewCellViewModel.swift */; };
		4D78B4AE26371E1500C5287D /* CallModel.swift in Sources */ = {isa = PBXBuildFile; fileRef = 4D78B4AD26371E1500C5287D /* CallModel.swift */; };
		4D78B4AF26371E1500C5287D /* CallModel.swift in Sources */ = {isa = PBXBuildFile; fileRef = 4D78B4AD26371E1500C5287D /* CallModel.swift */; };
		4D78B4B72637208F00C5287D /* Direction.swift in Sources */ = {isa = PBXBuildFile; fileRef = 4D78B4B62637208F00C5287D /* Direction.swift */; };
		4D78B4B82637208F00C5287D /* Direction.swift in Sources */ = {isa = PBXBuildFile; fileRef = 4D78B4B62637208F00C5287D /* Direction.swift */; };
		4D78B4BD263720C400C5287D /* CallType.swift in Sources */ = {isa = PBXBuildFile; fileRef = 4D78B4BC263720C400C5287D /* CallType.swift */; };
		4D78B4BE263720C400C5287D /* CallType.swift in Sources */ = {isa = PBXBuildFile; fileRef = 4D78B4BC263720C400C5287D /* CallType.swift */; };
		4D78B4C42637233B00C5287D /* CallModelTests.swift in Sources */ = {isa = PBXBuildFile; fileRef = 4D78B4C32637233B00C5287D /* CallModelTests.swift */; };
		4D7E6DA5263943E200D180C0 /* HistoryListViewModel.swift in Sources */ = {isa = PBXBuildFile; fileRef = 4D7E6DA4263943E200D180C0 /* HistoryListViewModel.swift */; };
		4D7E6DA6263943E200D180C0 /* HistoryListViewModel.swift in Sources */ = {isa = PBXBuildFile; fileRef = 4D7E6DA4263943E200D180C0 /* HistoryListViewModel.swift */; };
		4D7E6DAB2639440200D180C0 /* HistoryListDataSource.swift in Sources */ = {isa = PBXBuildFile; fileRef = 4D7E6DAA2639440200D180C0 /* HistoryListDataSource.swift */; };
		4D7E6DAC2639440200D180C0 /* HistoryListDataSource.swift in Sources */ = {isa = PBXBuildFile; fileRef = 4D7E6DAA2639440200D180C0 /* HistoryListDataSource.swift */; };
		4D7E6DB12639441500D180C0 /* HistoryListDelegate.swift in Sources */ = {isa = PBXBuildFile; fileRef = 4D7E6DB02639441500D180C0 /* HistoryListDelegate.swift */; };
		4D7E6DB22639441500D180C0 /* HistoryListDelegate.swift in Sources */ = {isa = PBXBuildFile; fileRef = 4D7E6DB02639441500D180C0 /* HistoryListDelegate.swift */; };
		4D7E6DB72639458900D180C0 /* HistoryListDataProvider.swift in Sources */ = {isa = PBXBuildFile; fileRef = 4D7E6DB62639458900D180C0 /* HistoryListDataProvider.swift */; };
		4D7E6DB82639458900D180C0 /* HistoryListDataProvider.swift in Sources */ = {isa = PBXBuildFile; fileRef = 4D7E6DB62639458900D180C0 /* HistoryListDataProvider.swift */; };
		4D966BA22639A9BB00C5EC54 /* ApiRequestProtocol.swift in Sources */ = {isa = PBXBuildFile; fileRef = 4D966B882639A9BB00C5EC54 /* ApiRequestProtocol.swift */; };
		4D966BA32639A9BB00C5EC54 /* QueryType.swift in Sources */ = {isa = PBXBuildFile; fileRef = 4D966B892639A9BB00C5EC54 /* QueryType.swift */; };
		4D966BA42639A9BB00C5EC54 /* HTTPMethod.swift in Sources */ = {isa = PBXBuildFile; fileRef = 4D966B8A2639A9BB00C5EC54 /* HTTPMethod.swift */; };
		4D966BA52639A9BB00C5EC54 /* RequestProtocol.swift in Sources */ = {isa = PBXBuildFile; fileRef = 4D966B8B2639A9BB00C5EC54 /* RequestProtocol.swift */; };
		4D966BA62639A9BB00C5EC54 /* HeaderField.swift in Sources */ = {isa = PBXBuildFile; fileRef = 4D966B8C2639A9BB00C5EC54 /* HeaderField.swift */; };
		4D966BA82639A9BB00C5EC54 /* QueryBuilder.swift in Sources */ = {isa = PBXBuildFile; fileRef = 4D966B8E2639A9BB00C5EC54 /* QueryBuilder.swift */; };
		4D966BA92639A9BB00C5EC54 /* NetworkError.swift in Sources */ = {isa = PBXBuildFile; fileRef = 4D966B902639A9BB00C5EC54 /* NetworkError.swift */; };
		4D966BAA2639A9BB00C5EC54 /* NetworkOperation.swift in Sources */ = {isa = PBXBuildFile; fileRef = 4D966B922639A9BB00C5EC54 /* NetworkOperation.swift */; };
		4D966BAB2639A9BB00C5EC54 /* AsynchronousBlockOperation.swift in Sources */ = {isa = PBXBuildFile; fileRef = 4D966B932639A9BB00C5EC54 /* AsynchronousBlockOperation.swift */; };
		4D966BAC2639A9BB00C5EC54 /* NetworkQueue.swift in Sources */ = {isa = PBXBuildFile; fileRef = 4D966B942639A9BB00C5EC54 /* NetworkQueue.swift */; };
		4D966BAD2639A9BB00C5EC54 /* ApiTokenProvider.swift in Sources */ = {isa = PBXBuildFile; fileRef = 4D966B972639A9BB00C5EC54 /* ApiTokenProvider.swift */; };
		4D966BAE2639A9BB00C5EC54 /* TokenType.swift in Sources */ = {isa = PBXBuildFile; fileRef = 4D966B982639A9BB00C5EC54 /* TokenType.swift */; };
		4D966BAF2639A9BB00C5EC54 /* NetworkServiceProvider.swift in Sources */ = {isa = PBXBuildFile; fileRef = 4D966B992639A9BB00C5EC54 /* NetworkServiceProvider.swift */; };
		4D966BB02639A9BB00C5EC54 /* UrlRequestBuilder.swift in Sources */ = {isa = PBXBuildFile; fileRef = 4D966B9A2639A9BB00C5EC54 /* UrlRequestBuilder.swift */; };
		4D966BB12639A9BB00C5EC54 /* ApiServerConfiguration.swift in Sources */ = {isa = PBXBuildFile; fileRef = 4D966B9B2639A9BB00C5EC54 /* ApiServerConfiguration.swift */; };
		4D966BB22639A9BB00C5EC54 /* UrlSessionApiService.swift in Sources */ = {isa = PBXBuildFile; fileRef = 4D966B9C2639A9BB00C5EC54 /* UrlSessionApiService.swift */; };
		4D966BB32639A9BB00C5EC54 /* ApiServiceProtocol.swift in Sources */ = {isa = PBXBuildFile; fileRef = 4D966B9D2639A9BB00C5EC54 /* ApiServiceProtocol.swift */; };
		4D966BC02639AB4B00C5EC54 /* AircallAPI.swift in Sources */ = {isa = PBXBuildFile; fileRef = 4D966BBF2639AB4B00C5EC54 /* AircallAPI.swift */; };
		4D966BC12639AB4B00C5EC54 /* AircallAPI.swift in Sources */ = {isa = PBXBuildFile; fileRef = 4D966BBF2639AB4B00C5EC54 /* AircallAPI.swift */; };
		4D966BCB2639AC6C00C5EC54 /* GetCallsOperation.swift in Sources */ = {isa = PBXBuildFile; fileRef = 4D966BCA2639AC6C00C5EC54 /* GetCallsOperation.swift */; };
		4D966BCC2639AC6C00C5EC54 /* GetCallsOperation.swift in Sources */ = {isa = PBXBuildFile; fileRef = 4D966BCA2639AC6C00C5EC54 /* GetCallsOperation.swift */; };
		4D966BD42639AC7600C5EC54 /* GetCallOperation.swift in Sources */ = {isa = PBXBuildFile; fileRef = 4D966BD32639AC7600C5EC54 /* GetCallOperation.swift */; };
		4D966BD52639AC7600C5EC54 /* GetCallOperation.swift in Sources */ = {isa = PBXBuildFile; fileRef = 4D966BD32639AC7600C5EC54 /* GetCallOperation.swift */; };
		4D966BDA2639AC8A00C5EC54 /* GetResetOperation.swift in Sources */ = {isa = PBXBuildFile; fileRef = 4D966BD92639AC8A00C5EC54 /* GetResetOperation.swift */; };
		4D966BDB2639AC8A00C5EC54 /* GetResetOperation.swift in Sources */ = {isa = PBXBuildFile; fileRef = 4D966BD92639AC8A00C5EC54 /* GetResetOperation.swift */; };
		4D966BE02639AC9D00C5EC54 /* PostCallOperation.swift in Sources */ = {isa = PBXBuildFile; fileRef = 4D966BDF2639AC9D00C5EC54 /* PostCallOperation.swift */; };
		4D966BE12639AC9D00C5EC54 /* PostCallOperation.swift in Sources */ = {isa = PBXBuildFile; fileRef = 4D966BDF2639AC9D00C5EC54 /* PostCallOperation.swift */; };
		4D966BEB2639B21A00C5EC54 /* ResetModel.swift in Sources */ = {isa = PBXBuildFile; fileRef = 4D966BEA2639B21A00C5EC54 /* ResetModel.swift */; };
		4D966BEC2639B21A00C5EC54 /* ResetModel.swift in Sources */ = {isa = PBXBuildFile; fileRef = 4D966BEA2639B21A00C5EC54 /* ResetModel.swift */; };
		4D966BF52639B7FC00C5EC54 /* Encodable+Extension.swift in Sources */ = {isa = PBXBuildFile; fileRef = 4D966BF42639B7FC00C5EC54 /* Encodable+Extension.swift */; };
		4D966BF62639B7FC00C5EC54 /* Encodable+Extension.swift in Sources */ = {isa = PBXBuildFile; fileRef = 4D966BF42639B7FC00C5EC54 /* Encodable+Extension.swift */; };
		4D966BFE263A15CE00C5EC54 /* HistorySplitViewModel.swift in Sources */ = {isa = PBXBuildFile; fileRef = 4D966BFD263A15CE00C5EC54 /* HistorySplitViewModel.swift */; };
		4D966BFF263A15CE00C5EC54 /* HistorySplitViewModel.swift in Sources */ = {isa = PBXBuildFile; fileRef = 4D966BFD263A15CE00C5EC54 /* HistorySplitViewModel.swift */; };
		4D9FFEFB26383565008F13EC /* UIView+Layer.swift in Sources */ = {isa = PBXBuildFile; fileRef = 4D9FFEFA26383565008F13EC /* UIView+Layer.swift */; };
		4DAAA6792637171E009392E1 /* DateTests.swift in Sources */ = {isa = PBXBuildFile; fileRef = 4DAAA6782637171E009392E1 /* DateTests.swift */; };
		4DAAA6812637174E009392E1 /* Date+Converter.swift in Sources */ = {isa = PBXBuildFile; fileRef = 4DAAA6802637174E009392E1 /* Date+Converter.swift */; };
		4DAAA6822637174E009392E1 /* Date+Converter.swift in Sources */ = {isa = PBXBuildFile; fileRef = 4DAAA6802637174E009392E1 /* Date+Converter.swift */; };
/* End PBXBuildFile section */

/* Begin PBXContainerItemProxy section */
		4D3643262634B48700E6919D /* PBXContainerItemProxy */ = {
			isa = PBXContainerItemProxy;
			containerPortal = 4D3643042634B48500E6919D /* Project object */;
			proxyType = 1;
			remoteGlobalIDString = 4D36430B2634B48500E6919D;
			remoteInfo = AircallLaurent;
		};
		4D3643312634B48700E6919D /* PBXContainerItemProxy */ = {
			isa = PBXContainerItemProxy;
			containerPortal = 4D3643042634B48500E6919D /* Project object */;
			proxyType = 1;
			remoteGlobalIDString = 4D36430B2634B48500E6919D;
			remoteInfo = AircallLaurent;
		};
/* End PBXContainerItemProxy section */

/* Begin PBXFileReference section */
		4D1AC430263986290071EB23 /* HistoryListRepository.swift */ = {isa = PBXFileReference; lastKnownFileType = sourcecode.swift; path = HistoryListRepository.swift; sourceTree = "<group>"; };
		4D2D172A2637F99800C274A2 /* CellConfigurating.swift */ = {isa = PBXFileReference; fileEncoding = 4; lastKnownFileType = sourcecode.swift; path = CellConfigurating.swift; sourceTree = "<group>"; };
		4D2D172B2637F99800C274A2 /* CollectionDataProvider.swift */ = {isa = PBXFileReference; fileEncoding = 4; lastKnownFileType = sourcecode.swift; path = CollectionDataProvider.swift; sourceTree = "<group>"; };
		4D2D17322637FBDC00C274A2 /* TableViewDataSource.swift */ = {isa = PBXFileReference; fileEncoding = 4; lastKnownFileType = sourcecode.swift; path = TableViewDataSource.swift; sourceTree = "<group>"; };
		4D2D17332637FBDC00C274A2 /* CellConfigurator.swift */ = {isa = PBXFileReference; fileEncoding = 4; lastKnownFileType = sourcecode.swift; path = CellConfigurator.swift; sourceTree = "<group>"; };
		4D2D17342637FBDC00C274A2 /* TableViewDelegate.swift */ = {isa = PBXFileReference; fileEncoding = 4; lastKnownFileType = sourcecode.swift; path = TableViewDelegate.swift; sourceTree = "<group>"; };
		4D2D173C2637FC9400C274A2 /* HistoryDetailsInformationViewController.swift */ = {isa = PBXFileReference; lastKnownFileType = sourcecode.swift; path = HistoryDetailsInformationViewController.swift; sourceTree = "<group>"; };
		4D2D173D2637FC9400C274A2 /* HistoryDetailsInformationViewController.xib */ = {isa = PBXFileReference; lastKnownFileType = file.xib; path = HistoryDetailsInformationViewController.xib; sourceTree = "<group>"; };
		4D2D17432637FCAC00C274A2 /* HistoryDetailsInformationDataProvider.swift */ = {isa = PBXFileReference; lastKnownFileType = sourcecode.swift; path = HistoryDetailsInformationDataProvider.swift; sourceTree = "<group>"; };
		4D2D17492637FD1B00C274A2 /* HistoryDetailsInformationDataSource.swift */ = {isa = PBXFileReference; lastKnownFileType = sourcecode.swift; path = HistoryDetailsInformationDataSource.swift; sourceTree = "<group>"; };
		4D2D174F2638021400C274A2 /* ContactInformationTableViewCellViewModel.swift */ = {isa = PBXFileReference; lastKnownFileType = sourcecode.swift; path = ContactInformationTableViewCellViewModel.swift; sourceTree = "<group>"; };
		4D2D17582638022200C274A2 /* CallInformationPhoneOperatorTableViewCellViewModel.swift */ = {isa = PBXFileReference; lastKnownFileType = sourcecode.swift; path = CallInformationPhoneOperatorTableViewCellViewModel.swift; sourceTree = "<group>"; };
		4D2D175E263802D000C274A2 /* GenericTableViewCellViewModelProtocol.swift */ = {isa = PBXFileReference; lastKnownFileType = sourcecode.swift; path = GenericTableViewCellViewModelProtocol.swift; sourceTree = "<group>"; };
		4D2D1767263806BA00C274A2 /* CallInformationDirectionTableViewCellViewModel.swift */ = {isa = PBXFileReference; lastKnownFileType = sourcecode.swift; path = CallInformationDirectionTableViewCellViewModel.swift; sourceTree = "<group>"; };
		4D2D176D2638185300C274A2 /* HistoryDetailsInformationDelegate.swift */ = {isa = PBXFileReference; lastKnownFileType = sourcecode.swift; path = HistoryDetailsInformationDelegate.swift; sourceTree = "<group>"; };
		4D36430C2634B48500E6919D /* AircallLaurent.app */ = {isa = PBXFileReference; explicitFileType = wrapper.application; includeInIndex = 0; path = AircallLaurent.app; sourceTree = BUILT_PRODUCTS_DIR; };
		4D36430F2634B48500E6919D /* AppDelegate.swift */ = {isa = PBXFileReference; lastKnownFileType = sourcecode.swift; path = AppDelegate.swift; sourceTree = "<group>"; };
		4D3643112634B48500E6919D /* SceneDelegate.swift */ = {isa = PBXFileReference; lastKnownFileType = sourcecode.swift; path = SceneDelegate.swift; sourceTree = "<group>"; };
		4D3643132634B48500E6919D /* ViewController.swift */ = {isa = PBXFileReference; lastKnownFileType = sourcecode.swift; path = ViewController.swift; sourceTree = "<group>"; };
		4D3643162634B48500E6919D /* Base */ = {isa = PBXFileReference; lastKnownFileType = file.storyboard; name = Base; path = Base.lproj/Main.storyboard; sourceTree = "<group>"; };
		4D3643192634B48500E6919D /* AircallLaurent.xcdatamodel */ = {isa = PBXFileReference; lastKnownFileType = wrapper.xcdatamodel; path = AircallLaurent.xcdatamodel; sourceTree = "<group>"; };
		4D36431B2634B48600E6919D /* Assets.xcassets */ = {isa = PBXFileReference; lastKnownFileType = folder.assetcatalog; path = Assets.xcassets; sourceTree = "<group>"; };
		4D36431E2634B48600E6919D /* Base */ = {isa = PBXFileReference; lastKnownFileType = file.storyboard; name = Base; path = Base.lproj/LaunchScreen.storyboard; sourceTree = "<group>"; };
		4D3643202634B48600E6919D /* Info.plist */ = {isa = PBXFileReference; lastKnownFileType = text.plist.xml; path = Info.plist; sourceTree = "<group>"; };
		4D3643252634B48700E6919D /* AircallLaurentTests.xctest */ = {isa = PBXFileReference; explicitFileType = wrapper.cfbundle; includeInIndex = 0; path = AircallLaurentTests.xctest; sourceTree = BUILT_PRODUCTS_DIR; };
		4D3643292634B48700E6919D /* AircallLaurentTests.swift */ = {isa = PBXFileReference; lastKnownFileType = sourcecode.swift; path = AircallLaurentTests.swift; sourceTree = "<group>"; };
		4D36432B2634B48700E6919D /* Info.plist */ = {isa = PBXFileReference; lastKnownFileType = text.plist.xml; path = Info.plist; sourceTree = "<group>"; };
		4D3643302634B48700E6919D /* AircallLaurentUITests.xctest */ = {isa = PBXFileReference; explicitFileType = wrapper.cfbundle; includeInIndex = 0; path = AircallLaurentUITests.xctest; sourceTree = BUILT_PRODUCTS_DIR; };
		4D3643342634B48700E6919D /* AircallLaurentUITests.swift */ = {isa = PBXFileReference; lastKnownFileType = sourcecode.swift; path = AircallLaurentUITests.swift; sourceTree = "<group>"; };
		4D3643362634B48700E6919D /* Info.plist */ = {isa = PBXFileReference; lastKnownFileType = text.plist.xml; path = Info.plist; sourceTree = "<group>"; };
		4D36434B2634BB1100E6919D /* HistorySplitViewController.swift */ = {isa = PBXFileReference; lastKnownFileType = sourcecode.swift; path = HistorySplitViewController.swift; sourceTree = "<group>"; };
		4D36434C2634BB1100E6919D /* HistorySplitViewController.xib */ = {isa = PBXFileReference; lastKnownFileType = file.xib; path = HistorySplitViewController.xib; sourceTree = "<group>"; };
		4D3643572634BB4B00E6919D /* HistoryListViewController.swift */ = {isa = PBXFileReference; lastKnownFileType = sourcecode.swift; path = HistoryListViewController.swift; sourceTree = "<group>"; };
		4D3643582634BB4B00E6919D /* HistoryListViewController.xib */ = {isa = PBXFileReference; lastKnownFileType = file.xib; path = HistoryListViewController.xib; sourceTree = "<group>"; };
		4D3643612634BBA100E6919D /* HistoryDetailsViewController.swift */ = {isa = PBXFileReference; lastKnownFileType = sourcecode.swift; path = HistoryDetailsViewController.swift; sourceTree = "<group>"; };
		4D3643622634BBA100E6919D /* HistoryDetailsViewController.xib */ = {isa = PBXFileReference; lastKnownFileType = file.xib; path = HistoryDetailsViewController.xib; sourceTree = "<group>"; };
		4D5072DE2635F0C1001C0904 /* HistoryDetailsActionViewController.swift */ = {isa = PBXFileReference; lastKnownFileType = sourcecode.swift; path = HistoryDetailsActionViewController.swift; sourceTree = "<group>"; };
		4D5072DF2635F0C1001C0904 /* HistoryDetailsActionViewController.xib */ = {isa = PBXFileReference; lastKnownFileType = file.xib; path = HistoryDetailsActionViewController.xib; sourceTree = "<group>"; };
		4D5072EF2635F8D3001C0904 /* ActionView.xib */ = {isa = PBXFileReference; lastKnownFileType = file.xib; path = ActionView.xib; sourceTree = "<group>"; };
		4D5072F62635FB13001C0904 /* UIView+AutoLayout.swift */ = {isa = PBXFileReference; fileEncoding = 4; lastKnownFileType = sourcecode.swift; path = "UIView+AutoLayout.swift"; sourceTree = "<group>"; };
		4D5072F72635FB13001C0904 /* UIViewcontroller+Container.swift */ = {isa = PBXFileReference; fileEncoding = 4; lastKnownFileType = sourcecode.swift; path = "UIViewcontroller+Container.swift"; sourceTree = "<group>"; };
		4D5072FA2635FB13001C0904 /* Reusable.swift */ = {isa = PBXFileReference; fileEncoding = 4; lastKnownFileType = sourcecode.swift; path = Reusable.swift; sourceTree = "<group>"; };
		4D5072FB2635FB13001C0904 /* NibInstanciable.swift */ = {isa = PBXFileReference; fileEncoding = 4; lastKnownFileType = sourcecode.swift; path = NibInstanciable.swift; sourceTree = "<group>"; };
		4D5072FE2635FB14001C0904 /* Configurable.swift */ = {isa = PBXFileReference; fileEncoding = 4; lastKnownFileType = sourcecode.swift; path = Configurable.swift; sourceTree = "<group>"; };
		4D5073072635FB14001C0904 /* ConstraintType.swift */ = {isa = PBXFileReference; fileEncoding = 4; lastKnownFileType = sourcecode.swift; path = ConstraintType.swift; sourceTree = "<group>"; };
		4D5073232635FCAB001C0904 /* ActionView.swift */ = {isa = PBXFileReference; lastKnownFileType = sourcecode.swift; path = ActionView.swift; sourceTree = "<group>"; };
		4D507328263600DE001C0904 /* Themeable.swift */ = {isa = PBXFileReference; lastKnownFileType = sourcecode.swift; path = Themeable.swift; sourceTree = "<group>"; };
		4D50732D26360605001C0904 /* HistoryDetailsViewModel.swift */ = {isa = PBXFileReference; lastKnownFileType = sourcecode.swift; path = HistoryDetailsViewModel.swift; sourceTree = "<group>"; };
		4D50733426360802001C0904 /* GenericTableViewCell.swift */ = {isa = PBXFileReference; lastKnownFileType = sourcecode.swift; path = GenericTableViewCell.swift; sourceTree = "<group>"; };
		4D50733526360802001C0904 /* GenericTableViewCell.xib */ = {isa = PBXFileReference; lastKnownFileType = file.xib; path = GenericTableViewCell.xib; sourceTree = "<group>"; };
		4D50733B26360F50001C0904 /* CallTableViewCellViewModel.swift */ = {isa = PBXFileReference; lastKnownFileType = sourcecode.swift; path = CallTableViewCellViewModel.swift; sourceTree = "<group>"; };
		4D78B4AD26371E1500C5287D /* CallModel.swift */ = {isa = PBXFileReference; lastKnownFileType = sourcecode.swift; path = CallModel.swift; sourceTree = "<group>"; };
		4D78B4B62637208F00C5287D /* Direction.swift */ = {isa = PBXFileReference; lastKnownFileType = sourcecode.swift; path = Direction.swift; sourceTree = "<group>"; };
		4D78B4BC263720C400C5287D /* CallType.swift */ = {isa = PBXFileReference; lastKnownFileType = sourcecode.swift; path = CallType.swift; sourceTree = "<group>"; };
		4D78B4C32637233B00C5287D /* CallModelTests.swift */ = {isa = PBXFileReference; lastKnownFileType = sourcecode.swift; path = CallModelTests.swift; sourceTree = "<group>"; };
		4D7E6DA4263943E200D180C0 /* HistoryListViewModel.swift */ = {isa = PBXFileReference; lastKnownFileType = sourcecode.swift; path = HistoryListViewModel.swift; sourceTree = "<group>"; };
		4D7E6DAA2639440200D180C0 /* HistoryListDataSource.swift */ = {isa = PBXFileReference; lastKnownFileType = sourcecode.swift; path = HistoryListDataSource.swift; sourceTree = "<group>"; };
		4D7E6DB02639441500D180C0 /* HistoryListDelegate.swift */ = {isa = PBXFileReference; lastKnownFileType = sourcecode.swift; path = HistoryListDelegate.swift; sourceTree = "<group>"; };
		4D7E6DB62639458900D180C0 /* HistoryListDataProvider.swift */ = {isa = PBXFileReference; lastKnownFileType = sourcecode.swift; path = HistoryListDataProvider.swift; sourceTree = "<group>"; };
		4D966B882639A9BB00C5EC54 /* ApiRequestProtocol.swift */ = {isa = PBXFileReference; fileEncoding = 4; lastKnownFileType = sourcecode.swift; path = ApiRequestProtocol.swift; sourceTree = "<group>"; };
		4D966B892639A9BB00C5EC54 /* QueryType.swift */ = {isa = PBXFileReference; fileEncoding = 4; lastKnownFileType = sourcecode.swift; path = QueryType.swift; sourceTree = "<group>"; };
		4D966B8A2639A9BB00C5EC54 /* HTTPMethod.swift */ = {isa = PBXFileReference; fileEncoding = 4; lastKnownFileType = sourcecode.swift; path = HTTPMethod.swift; sourceTree = "<group>"; };
		4D966B8B2639A9BB00C5EC54 /* RequestProtocol.swift */ = {isa = PBXFileReference; fileEncoding = 4; lastKnownFileType = sourcecode.swift; path = RequestProtocol.swift; sourceTree = "<group>"; };
		4D966B8C2639A9BB00C5EC54 /* HeaderField.swift */ = {isa = PBXFileReference; fileEncoding = 4; lastKnownFileType = sourcecode.swift; path = HeaderField.swift; sourceTree = "<group>"; };
		4D966B8E2639A9BB00C5EC54 /* QueryBuilder.swift */ = {isa = PBXFileReference; fileEncoding = 4; lastKnownFileType = sourcecode.swift; path = QueryBuilder.swift; sourceTree = "<group>"; };
		4D966B902639A9BB00C5EC54 /* NetworkError.swift */ = {isa = PBXFileReference; fileEncoding = 4; lastKnownFileType = sourcecode.swift; path = NetworkError.swift; sourceTree = "<group>"; };
		4D966B922639A9BB00C5EC54 /* NetworkOperation.swift */ = {isa = PBXFileReference; fileEncoding = 4; lastKnownFileType = sourcecode.swift; path = NetworkOperation.swift; sourceTree = "<group>"; };
		4D966B932639A9BB00C5EC54 /* AsynchronousBlockOperation.swift */ = {isa = PBXFileReference; fileEncoding = 4; lastKnownFileType = sourcecode.swift; path = AsynchronousBlockOperation.swift; sourceTree = "<group>"; };
		4D966B942639A9BB00C5EC54 /* NetworkQueue.swift */ = {isa = PBXFileReference; fileEncoding = 4; lastKnownFileType = sourcecode.swift; path = NetworkQueue.swift; sourceTree = "<group>"; };
		4D966B972639A9BB00C5EC54 /* ApiTokenProvider.swift */ = {isa = PBXFileReference; fileEncoding = 4; lastKnownFileType = sourcecode.swift; path = ApiTokenProvider.swift; sourceTree = "<group>"; };
		4D966B982639A9BB00C5EC54 /* TokenType.swift */ = {isa = PBXFileReference; fileEncoding = 4; lastKnownFileType = sourcecode.swift; path = TokenType.swift; sourceTree = "<group>"; };
		4D966B992639A9BB00C5EC54 /* NetworkServiceProvider.swift */ = {isa = PBXFileReference; fileEncoding = 4; lastKnownFileType = sourcecode.swift; path = NetworkServiceProvider.swift; sourceTree = "<group>"; };
		4D966B9A2639A9BB00C5EC54 /* UrlRequestBuilder.swift */ = {isa = PBXFileReference; fileEncoding = 4; lastKnownFileType = sourcecode.swift; path = UrlRequestBuilder.swift; sourceTree = "<group>"; };
		4D966B9B2639A9BB00C5EC54 /* ApiServerConfiguration.swift */ = {isa = PBXFileReference; fileEncoding = 4; lastKnownFileType = sourcecode.swift; path = ApiServerConfiguration.swift; sourceTree = "<group>"; };
		4D966B9C2639A9BB00C5EC54 /* UrlSessionApiService.swift */ = {isa = PBXFileReference; fileEncoding = 4; lastKnownFileType = sourcecode.swift; path = UrlSessionApiService.swift; sourceTree = "<group>"; };
		4D966B9D2639A9BB00C5EC54 /* ApiServiceProtocol.swift */ = {isa = PBXFileReference; fileEncoding = 4; lastKnownFileType = sourcecode.swift; path = ApiServiceProtocol.swift; sourceTree = "<group>"; };
		4D966BBF2639AB4B00C5EC54 /* AircallAPI.swift */ = {isa = PBXFileReference; lastKnownFileType = sourcecode.swift; path = AircallAPI.swift; sourceTree = "<group>"; };
		4D966BCA2639AC6C00C5EC54 /* GetCallsOperation.swift */ = {isa = PBXFileReference; lastKnownFileType = sourcecode.swift; path = GetCallsOperation.swift; sourceTree = "<group>"; };
		4D966BD32639AC7600C5EC54 /* GetCallOperation.swift */ = {isa = PBXFileReference; lastKnownFileType = sourcecode.swift; path = GetCallOperation.swift; sourceTree = "<group>"; };
		4D966BD92639AC8A00C5EC54 /* GetResetOperation.swift */ = {isa = PBXFileReference; lastKnownFileType = sourcecode.swift; path = GetResetOperation.swift; sourceTree = "<group>"; };
		4D966BDF2639AC9D00C5EC54 /* PostCallOperation.swift */ = {isa = PBXFileReference; lastKnownFileType = sourcecode.swift; path = PostCallOperation.swift; sourceTree = "<group>"; };
		4D966BEA2639B21A00C5EC54 /* ResetModel.swift */ = {isa = PBXFileReference; lastKnownFileType = sourcecode.swift; path = ResetModel.swift; sourceTree = "<group>"; };
		4D966BF42639B7FC00C5EC54 /* Encodable+Extension.swift */ = {isa = PBXFileReference; lastKnownFileType = sourcecode.swift; path = "Encodable+Extension.swift"; sourceTree = "<group>"; };
		4D966BFD263A15CE00C5EC54 /* HistorySplitViewModel.swift */ = {isa = PBXFileReference; lastKnownFileType = sourcecode.swift; path = HistorySplitViewModel.swift; sourceTree = "<group>"; };
		4D9FFEFA26383565008F13EC /* UIView+Layer.swift */ = {isa = PBXFileReference; lastKnownFileType = sourcecode.swift; path = "UIView+Layer.swift"; sourceTree = "<group>"; };
		4DAAA6782637171E009392E1 /* DateTests.swift */ = {isa = PBXFileReference; lastKnownFileType = sourcecode.swift; path = DateTests.swift; sourceTree = "<group>"; };
		4DAAA6802637174E009392E1 /* Date+Converter.swift */ = {isa = PBXFileReference; lastKnownFileType = sourcecode.swift; path = "Date+Converter.swift"; sourceTree = "<group>"; };
/* End PBXFileReference section */

/* Begin PBXFrameworksBuildPhase section */
		4D3643092634B48500E6919D /* Frameworks */ = {
			isa = PBXFrameworksBuildPhase;
			buildActionMask = 2147483647;
			files = (
			);
			runOnlyForDeploymentPostprocessing = 0;
		};
		4D3643222634B48700E6919D /* Frameworks */ = {
			isa = PBXFrameworksBuildPhase;
			buildActionMask = 2147483647;
			files = (
			);
			runOnlyForDeploymentPostprocessing = 0;
		};
		4D36432D2634B48700E6919D /* Frameworks */ = {
			isa = PBXFrameworksBuildPhase;
			buildActionMask = 2147483647;
			files = (
			);
			runOnlyForDeploymentPostprocessing = 0;
		};
/* End PBXFrameworksBuildPhase section */

/* Begin PBXGroup section */
		4D2D17312637FBDC00C274A2 /* TableView */ = {
			isa = PBXGroup;
			children = (
				4D2D17322637FBDC00C274A2 /* TableViewDataSource.swift */,
				4D2D17332637FBDC00C274A2 /* CellConfigurator.swift */,
				4D2D17342637FBDC00C274A2 /* TableViewDelegate.swift */,
			);
			path = TableView;
			sourceTree = "<group>";
		};
		4D2D173B2637FC7800C274A2 /* Content */ = {
			isa = PBXGroup;
			children = (
				4D2D174E263801F300C274A2 /* Cell */,
				4D2D173C2637FC9400C274A2 /* HistoryDetailsInformationViewController.swift */,
				4D2D173D2637FC9400C274A2 /* HistoryDetailsInformationViewController.xib */,
				4D2D17432637FCAC00C274A2 /* HistoryDetailsInformationDataProvider.swift */,
				4D2D17492637FD1B00C274A2 /* HistoryDetailsInformationDataSource.swift */,
				4D2D176D2638185300C274A2 /* HistoryDetailsInformationDelegate.swift */,
			);
			path = Content;
			sourceTree = "<group>";
		};
		4D2D174E263801F300C274A2 /* Cell */ = {
			isa = PBXGroup;
			children = (
				4D2D174F2638021400C274A2 /* ContactInformationTableViewCellViewModel.swift */,
				4D2D17582638022200C274A2 /* CallInformationPhoneOperatorTableViewCellViewModel.swift */,
				4D2D1767263806BA00C274A2 /* CallInformationDirectionTableViewCellViewModel.swift */,
			);
			path = Cell;
			sourceTree = "<group>";
		};
		4D3643032634B48500E6919D = {
			isa = PBXGroup;
			children = (
				4D36430E2634B48500E6919D /* AircallLaurent */,
				4D3643282634B48700E6919D /* AircallLaurentTests */,
				4D3643332634B48700E6919D /* AircallLaurentUITests */,
				4D36430D2634B48500E6919D /* Products */,
			);
			sourceTree = "<group>";
		};
		4D36430D2634B48500E6919D /* Products */ = {
			isa = PBXGroup;
			children = (
				4D36430C2634B48500E6919D /* AircallLaurent.app */,
				4D3643252634B48700E6919D /* AircallLaurentTests.xctest */,
				4D3643302634B48700E6919D /* AircallLaurentUITests.xctest */,
			);
			name = Products;
			sourceTree = "<group>";
		};
		4D36430E2634B48500E6919D /* AircallLaurent */ = {
			isa = PBXGroup;
			children = (
				4D3643202634B48600E6919D /* Info.plist */,
				4D3643182634B48500E6919D /* AircallLaurent.xcdatamodeld */,
				4D5072F42635FB13001C0904 /* Shared */,
				4D3643492634B6A800E6919D /* SupportingFiles */,
				4D3643482634B68D00E6919D /* Launch */,
				4D36434A2634B8BC00E6919D /* Root */,
				4D3643132634B48500E6919D /* ViewController.swift */,
				4D3643152634B48500E6919D /* Main.storyboard */,
			);
			path = AircallLaurent;
			sourceTree = "<group>";
		};
		4D3643282634B48700E6919D /* AircallLaurentTests */ = {
			isa = PBXGroup;
			children = (
				4D78B4C22637232500C5287D /* Model */,
				4DAAA67726371706009392E1 /* Date */,
				4D3643292634B48700E6919D /* AircallLaurentTests.swift */,
				4D36432B2634B48700E6919D /* Info.plist */,
			);
			path = AircallLaurentTests;
			sourceTree = "<group>";
		};
		4D3643332634B48700E6919D /* AircallLaurentUITests */ = {
			isa = PBXGroup;
			children = (
				4D3643342634B48700E6919D /* AircallLaurentUITests.swift */,
				4D3643362634B48700E6919D /* Info.plist */,
			);
			path = AircallLaurentUITests;
			sourceTree = "<group>";
		};
		4D3643482634B68D00E6919D /* Launch */ = {
			isa = PBXGroup;
			children = (
				4D36430F2634B48500E6919D /* AppDelegate.swift */,
				4D3643112634B48500E6919D /* SceneDelegate.swift */,
				4D36431D2634B48600E6919D /* LaunchScreen.storyboard */,
			);
			path = Launch;
			sourceTree = "<group>";
		};
		4D3643492634B6A800E6919D /* SupportingFiles */ = {
			isa = PBXGroup;
			children = (
				4D36431B2634B48600E6919D /* Assets.xcassets */,
			);
			path = SupportingFiles;
			sourceTree = "<group>";
		};
		4D36434A2634B8BC00E6919D /* Root */ = {
			isa = PBXGroup;
			children = (
				4D36434B2634BB1100E6919D /* HistorySplitViewController.swift */,
				4D36434C2634BB1100E6919D /* HistorySplitViewController.xib */,
				4D50733326360793001C0904 /* Shared */,
				4D3643552634BB2500E6919D /* List */,
				4D3643562634BB2B00E6919D /* Details */,
				4D966BFD263A15CE00C5EC54 /* HistorySplitViewModel.swift */,
			);
			path = Root;
			sourceTree = "<group>";
		};
		4D3643552634BB2500E6919D /* List */ = {
			isa = PBXGroup;
			children = (
				4D3643572634BB4B00E6919D /* HistoryListViewController.swift */,
				4D3643582634BB4B00E6919D /* HistoryListViewController.xib */,
				4D7E6DA4263943E200D180C0 /* HistoryListViewModel.swift */,
				4D7E6DB62639458900D180C0 /* HistoryListDataProvider.swift */,
				4D7E6DAA2639440200D180C0 /* HistoryListDataSource.swift */,
				4D7E6DB02639441500D180C0 /* HistoryListDelegate.swift */,
				4D50733B26360F50001C0904 /* CallTableViewCellViewModel.swift */,
				4D1AC430263986290071EB23 /* HistoryListRepository.swift */,
			);
			path = List;
			sourceTree = "<group>";
		};
		4D3643562634BB2B00E6919D /* Details */ = {
			isa = PBXGroup;
			children = (
				4D3643612634BBA100E6919D /* HistoryDetailsViewController.swift */,
				4D3643622634BBA100E6919D /* HistoryDetailsViewController.xib */,
				4D50732D26360605001C0904 /* HistoryDetailsViewModel.swift */,
				4D5072DD2635F0A4001C0904 /* DetailsActions */,
				4D2D173B2637FC7800C274A2 /* Content */,
			);
			path = Details;
			sourceTree = "<group>";
		};
		4D5072DD2635F0A4001C0904 /* DetailsActions */ = {
			isa = PBXGroup;
			children = (
				4D5072EE2635F8CA001C0904 /* Item */,
				4D5072DE2635F0C1001C0904 /* HistoryDetailsActionViewController.swift */,
				4D5072DF2635F0C1001C0904 /* HistoryDetailsActionViewController.xib */,
			);
			path = DetailsActions;
			sourceTree = "<group>";
		};
		4D5072EE2635F8CA001C0904 /* Item */ = {
			isa = PBXGroup;
			children = (
				4D5072EF2635F8D3001C0904 /* ActionView.xib */,
				4D5073232635FCAB001C0904 /* ActionView.swift */,
			);
			path = Item;
			sourceTree = "<group>";
		};
		4D5072F42635FB13001C0904 /* Shared */ = {
			isa = PBXGroup;
			children = (
				4D966B862639A95200C5EC54 /* Network */,
				4D5072F52635FB13001C0904 /* extension */,
				4D5072F82635FB13001C0904 /* Protocol */,
				4D5073012635FB14001C0904 /* Tool */,
			);
			path = Shared;
			sourceTree = "<group>";
		};
		4D5072F52635FB13001C0904 /* extension */ = {
			isa = PBXGroup;
			children = (
				4DAAA68A2637176E009392E1 /* Date */,
				4DAAA68926371763009392E1 /* UIKit */,
			);
			path = extension;
			sourceTree = "<group>";
		};
		4D5072F82635FB13001C0904 /* Protocol */ = {
			isa = PBXGroup;
			children = (
				4D5072F92635FB13001C0904 /* Xib */,
				4D5072FC2635FB13001C0904 /* TableView */,
			);
			path = Protocol;
			sourceTree = "<group>";
		};
		4D5072F92635FB13001C0904 /* Xib */ = {
			isa = PBXGroup;
			children = (
				4D5072FA2635FB13001C0904 /* Reusable.swift */,
				4D5072FB2635FB13001C0904 /* NibInstanciable.swift */,
				4D507328263600DE001C0904 /* Themeable.swift */,
			);
			path = Xib;
			sourceTree = "<group>";
		};
		4D5072FC2635FB13001C0904 /* TableView */ = {
			isa = PBXGroup;
			children = (
				4D2D172A2637F99800C274A2 /* CellConfigurating.swift */,
				4D2D172B2637F99800C274A2 /* CollectionDataProvider.swift */,
				4D5072FE2635FB14001C0904 /* Configurable.swift */,
			);
			path = TableView;
			sourceTree = "<group>";
		};
		4D5073012635FB14001C0904 /* Tool */ = {
			isa = PBXGroup;
			children = (
				4D2D17312637FBDC00C274A2 /* TableView */,
				4D5073062635FB14001C0904 /* AutoLayout */,
			);
			path = Tool;
			sourceTree = "<group>";
		};
		4D5073062635FB14001C0904 /* AutoLayout */ = {
			isa = PBXGroup;
			children = (
				4D5073072635FB14001C0904 /* ConstraintType.swift */,
			);
			path = AutoLayout;
			sourceTree = "<group>";
		};
		4D50733326360793001C0904 /* Shared */ = {
			isa = PBXGroup;
			children = (
				4D78B4AC26371DFB00C5287D /* Model */,
				4D78B4A526371DEF00C5287D /* Cell */,
			);
			path = Shared;
			sourceTree = "<group>";
		};
		4D78B4A526371DEF00C5287D /* Cell */ = {
			isa = PBXGroup;
			children = (
				4D50733426360802001C0904 /* GenericTableViewCell.swift */,
				4D50733526360802001C0904 /* GenericTableViewCell.xib */,
				4D2D175E263802D000C274A2 /* GenericTableViewCellViewModelProtocol.swift */,
			);
			path = Cell;
			sourceTree = "<group>";
		};
		4D78B4AC26371DFB00C5287D /* Model */ = {
			isa = PBXGroup;
			children = (
				4D78B4AD26371E1500C5287D /* CallModel.swift */,
				4D78B4B62637208F00C5287D /* Direction.swift */,
				4D78B4BC263720C400C5287D /* CallType.swift */,
			);
			path = Model;
			sourceTree = "<group>";
		};
		4D78B4C22637232500C5287D /* Model */ = {
			isa = PBXGroup;
			children = (
				4D78B4C32637233B00C5287D /* CallModelTests.swift */,
			);
			path = Model;
			sourceTree = "<group>";
		};
		4D966B862639A95200C5EC54 /* Network */ = {
			isa = PBXGroup;
			children = (
				4D966BC52639AC2300C5EC54 /* Custom librairy */,
				4D966BC92639AC3B00C5EC54 /* Requests */,
				4D966BBF2639AB4B00C5EC54 /* AircallAPI.swift */,
			);
			path = Network;
			sourceTree = "<group>";
		};
		4D966B872639A9BB00C5EC54 /* Requests */ = {
			isa = PBXGroup;
			children = (
				4D966B882639A9BB00C5EC54 /* ApiRequestProtocol.swift */,
				4D966B892639A9BB00C5EC54 /* QueryType.swift */,
				4D966B8A2639A9BB00C5EC54 /* HTTPMethod.swift */,
				4D966B8B2639A9BB00C5EC54 /* RequestProtocol.swift */,
				4D966B8C2639A9BB00C5EC54 /* HeaderField.swift */,
				4D966B8E2639A9BB00C5EC54 /* QueryBuilder.swift */,
			);
			path = Requests;
			sourceTree = "<group>";
		};
		4D966B8F2639A9BB00C5EC54 /* Errors */ = {
			isa = PBXGroup;
			children = (
				4D966B902639A9BB00C5EC54 /* NetworkError.swift */,
			);
			path = Errors;
			sourceTree = "<group>";
		};
		4D966B912639A9BB00C5EC54 /* Network Operations */ = {
			isa = PBXGroup;
			children = (
				4D966B922639A9BB00C5EC54 /* NetworkOperation.swift */,
				4D966B932639A9BB00C5EC54 /* AsynchronousBlockOperation.swift */,
				4D966B942639A9BB00C5EC54 /* NetworkQueue.swift */,
			);
			path = "Network Operations";
			sourceTree = "<group>";
		};
		4D966B952639A9BB00C5EC54 /* Backend */ = {
			isa = PBXGroup;
			children = (
				4D966B962639A9BB00C5EC54 /* Token */,
				4D966B992639A9BB00C5EC54 /* NetworkServiceProvider.swift */,
				4D966B9A2639A9BB00C5EC54 /* UrlRequestBuilder.swift */,
				4D966B9B2639A9BB00C5EC54 /* ApiServerConfiguration.swift */,
				4D966B9C2639A9BB00C5EC54 /* UrlSessionApiService.swift */,
				4D966B9D2639A9BB00C5EC54 /* ApiServiceProtocol.swift */,
			);
			path = Backend;
			sourceTree = "<group>";
		};
		4D966B962639A9BB00C5EC54 /* Token */ = {
			isa = PBXGroup;
			children = (
				4D966B972639A9BB00C5EC54 /* ApiTokenProvider.swift */,
				4D966B982639A9BB00C5EC54 /* TokenType.swift */,
			);
			path = Token;
			sourceTree = "<group>";
		};
		4D966BC52639AC2300C5EC54 /* Custom librairy */ = {
			isa = PBXGroup;
			children = (
				4D966BF32639B7CF00C5EC54 /* Extensions */,
				4D966B952639A9BB00C5EC54 /* Backend */,
				4D966B8F2639A9BB00C5EC54 /* Errors */,
				4D966B912639A9BB00C5EC54 /* Network Operations */,
				4D966B872639A9BB00C5EC54 /* Requests */,
			);
			path = "Custom librairy";
			sourceTree = "<group>";
		};
		4D966BC92639AC3B00C5EC54 /* Requests */ = {
			isa = PBXGroup;
			children = (
				4D966BE92639B1F900C5EC54 /* Reset */,
				4D966BE82639B1EC00C5EC54 /* Call */,
			);
			path = Requests;
			sourceTree = "<group>";
		};
		4D966BE82639B1EC00C5EC54 /* Call */ = {
			isa = PBXGroup;
			children = (
				4D966BCA2639AC6C00C5EC54 /* GetCallsOperation.swift */,
				4D966BD32639AC7600C5EC54 /* GetCallOperation.swift */,
				4D966BDF2639AC9D00C5EC54 /* PostCallOperation.swift */,
			);
			path = Call;
			sourceTree = "<group>";
		};
		4D966BE92639B1F900C5EC54 /* Reset */ = {
			isa = PBXGroup;
			children = (
				4D966BD92639AC8A00C5EC54 /* GetResetOperation.swift */,
				4D966BEA2639B21A00C5EC54 /* ResetModel.swift */,
			);
			path = Reset;
			sourceTree = "<group>";
		};
		4D966BF32639B7CF00C5EC54 /* Extensions */ = {
			isa = PBXGroup;
			children = (
				4D966BF42639B7FC00C5EC54 /* Encodable+Extension.swift */,
			);
			path = Extensions;
			sourceTree = "<group>";
		};
		4DAAA67726371706009392E1 /* Date */ = {
			isa = PBXGroup;
			children = (
				4DAAA6782637171E009392E1 /* DateTests.swift */,
			);
			path = Date;
			sourceTree = "<group>";
		};
		4DAAA68926371763009392E1 /* UIKit */ = {
			isa = PBXGroup;
			children = (
				4D5072F62635FB13001C0904 /* UIView+AutoLayout.swift */,
				4D9FFEFA26383565008F13EC /* UIView+Layer.swift */,
				4D5072F72635FB13001C0904 /* UIViewcontroller+Container.swift */,
			);
			path = UIKit;
			sourceTree = "<group>";
		};
		4DAAA68A2637176E009392E1 /* Date */ = {
			isa = PBXGroup;
			children = (
				4DAAA6802637174E009392E1 /* Date+Converter.swift */,
			);
			path = Date;
			sourceTree = "<group>";
		};
/* End PBXGroup section */

/* Begin PBXNativeTarget section */
		4D36430B2634B48500E6919D /* AircallLaurent */ = {
			isa = PBXNativeTarget;
			buildConfigurationList = 4D3643392634B48700E6919D /* Build configuration list for PBXNativeTarget "AircallLaurent" */;
			buildPhases = (
				4D3643082634B48500E6919D /* Sources */,
				4D3643092634B48500E6919D /* Frameworks */,
				4D36430A2634B48500E6919D /* Resources */,
			);
			buildRules = (
			);
			dependencies = (
			);
			name = AircallLaurent;
			productName = AircallLaurent;
			productReference = 4D36430C2634B48500E6919D /* AircallLaurent.app */;
			productType = "com.apple.product-type.application";
		};
		4D3643242634B48700E6919D /* AircallLaurentTests */ = {
			isa = PBXNativeTarget;
			buildConfigurationList = 4D36433C2634B48700E6919D /* Build configuration list for PBXNativeTarget "AircallLaurentTests" */;
			buildPhases = (
				4D3643212634B48700E6919D /* Sources */,
				4D3643222634B48700E6919D /* Frameworks */,
				4D3643232634B48700E6919D /* Resources */,
			);
			buildRules = (
			);
			dependencies = (
				4D3643272634B48700E6919D /* PBXTargetDependency */,
			);
			name = AircallLaurentTests;
			productName = AircallLaurentTests;
			productReference = 4D3643252634B48700E6919D /* AircallLaurentTests.xctest */;
			productType = "com.apple.product-type.bundle.unit-test";
		};
		4D36432F2634B48700E6919D /* AircallLaurentUITests */ = {
			isa = PBXNativeTarget;
			buildConfigurationList = 4D36433F2634B48700E6919D /* Build configuration list for PBXNativeTarget "AircallLaurentUITests" */;
			buildPhases = (
				4D36432C2634B48700E6919D /* Sources */,
				4D36432D2634B48700E6919D /* Frameworks */,
				4D36432E2634B48700E6919D /* Resources */,
			);
			buildRules = (
			);
			dependencies = (
				4D3643322634B48700E6919D /* PBXTargetDependency */,
			);
			name = AircallLaurentUITests;
			productName = AircallLaurentUITests;
			productReference = 4D3643302634B48700E6919D /* AircallLaurentUITests.xctest */;
			productType = "com.apple.product-type.bundle.ui-testing";
		};
/* End PBXNativeTarget section */

/* Begin PBXProject section */
		4D3643042634B48500E6919D /* Project object */ = {
			isa = PBXProject;
			attributes = {
				LastSwiftUpdateCheck = 1240;
				LastUpgradeCheck = 1240;
				TargetAttributes = {
					4D36430B2634B48500E6919D = {
						CreatedOnToolsVersion = 12.4;
					};
					4D3643242634B48700E6919D = {
						CreatedOnToolsVersion = 12.4;
						TestTargetID = 4D36430B2634B48500E6919D;
					};
					4D36432F2634B48700E6919D = {
						CreatedOnToolsVersion = 12.4;
						TestTargetID = 4D36430B2634B48500E6919D;
					};
				};
			};
			buildConfigurationList = 4D3643072634B48500E6919D /* Build configuration list for PBXProject "AircallLaurent" */;
			compatibilityVersion = "Xcode 9.3";
			developmentRegion = en;
			hasScannedForEncodings = 0;
			knownRegions = (
				en,
				Base,
			);
			mainGroup = 4D3643032634B48500E6919D;
			productRefGroup = 4D36430D2634B48500E6919D /* Products */;
			projectDirPath = "";
			projectRoot = "";
			targets = (
				4D36430B2634B48500E6919D /* AircallLaurent */,
				4D3643242634B48700E6919D /* AircallLaurentTests */,
				4D36432F2634B48700E6919D /* AircallLaurentUITests */,
			);
		};
/* End PBXProject section */

/* Begin PBXResourcesBuildPhase section */
		4D36430A2634B48500E6919D /* Resources */ = {
			isa = PBXResourcesBuildPhase;
			buildActionMask = 2147483647;
			files = (
				4D5072F02635F8D3001C0904 /* ActionView.xib in Resources */,
				4D36434E2634BB1100E6919D /* HistorySplitViewController.xib in Resources */,
				4D36435A2634BB4B00E6919D /* HistoryListViewController.xib in Resources */,
				4D3643642634BBA100E6919D /* HistoryDetailsViewController.xib in Resources */,
				4D2D173F2637FC9400C274A2 /* HistoryDetailsInformationViewController.xib in Resources */,
				4D5072E12635F0C1001C0904 /* HistoryDetailsActionViewController.xib in Resources */,
				4D36431F2634B48600E6919D /* LaunchScreen.storyboard in Resources */,
				4D50733726360802001C0904 /* GenericTableViewCell.xib in Resources */,
				4D36431C2634B48600E6919D /* Assets.xcassets in Resources */,
				4D3643172634B48500E6919D /* Main.storyboard in Resources */,
			);
			runOnlyForDeploymentPostprocessing = 0;
		};
		4D3643232634B48700E6919D /* Resources */ = {
			isa = PBXResourcesBuildPhase;
			buildActionMask = 2147483647;
			files = (
			);
			runOnlyForDeploymentPostprocessing = 0;
		};
		4D36432E2634B48700E6919D /* Resources */ = {
			isa = PBXResourcesBuildPhase;
			buildActionMask = 2147483647;
			files = (
			);
			runOnlyForDeploymentPostprocessing = 0;
		};
/* End PBXResourcesBuildPhase section */

/* Begin PBXSourcesBuildPhase section */
		4D3643082634B48500E6919D /* Sources */ = {
			isa = PBXSourcesBuildPhase;
			buildActionMask = 2147483647;
			files = (
				4D966BFE263A15CE00C5EC54 /* HistorySplitViewModel.swift in Sources */,
				4D2D17372637FBDC00C274A2 /* TableViewDelegate.swift in Sources */,
				4D966BA62639A9BB00C5EC54 /* HeaderField.swift in Sources */,
				4D966BCB2639AC6C00C5EC54 /* GetCallsOperation.swift in Sources */,
				4D5073242635FCAB001C0904 /* ActionView.swift in Sources */,
				4D966BAD2639A9BB00C5EC54 /* ApiTokenProvider.swift in Sources */,
				4D966BE02639AC9D00C5EC54 /* PostCallOperation.swift in Sources */,
				4D507329263600DE001C0904 /* Themeable.swift in Sources */,
				4D966BDA2639AC8A00C5EC54 /* GetResetOperation.swift in Sources */,
				4D966BAF2639A9BB00C5EC54 /* NetworkServiceProvider.swift in Sources */,
				4D5072E02635F0C1001C0904 /* HistoryDetailsActionViewController.swift in Sources */,
				4D966BB02639A9BB00C5EC54 /* UrlRequestBuilder.swift in Sources */,
				4D50730A2635FB14001C0904 /* Reusable.swift in Sources */,
				4D7E6DB12639441500D180C0 /* HistoryListDelegate.swift in Sources */,
				4D966BA82639A9BB00C5EC54 /* QueryBuilder.swift in Sources */,
				4D5073082635FB14001C0904 /* UIView+AutoLayout.swift in Sources */,
				4D2D17442637FCAC00C274A2 /* HistoryDetailsInformationDataProvider.swift in Sources */,
				4D966BC02639AB4B00C5EC54 /* AircallAPI.swift in Sources */,
				4D2D173E2637FC9400C274A2 /* HistoryDetailsInformationViewController.swift in Sources */,
				4D966BEB2639B21A00C5EC54 /* ResetModel.swift in Sources */,
				4D50733C26360F50001C0904 /* CallTableViewCellViewModel.swift in Sources */,
				4D966BA32639A9BB00C5EC54 /* QueryType.swift in Sources */,
				4D966BB12639A9BB00C5EC54 /* ApiServerConfiguration.swift in Sources */,
				4D78B4AE26371E1500C5287D /* CallModel.swift in Sources */,
				4D966BAC2639A9BB00C5EC54 /* NetworkQueue.swift in Sources */,
				4D966BAB2639A9BB00C5EC54 /* AsynchronousBlockOperation.swift in Sources */,
				4D2D17502638021400C274A2 /* ContactInformationTableViewCellViewModel.swift in Sources */,
				4D3643142634B48500E6919D /* ViewController.swift in Sources */,
				4D966BAA2639A9BB00C5EC54 /* NetworkOperation.swift in Sources */,
				4D966BA22639A9BB00C5EC54 /* ApiRequestProtocol.swift in Sources */,
				4D3643632634BBA100E6919D /* HistoryDetailsViewController.swift in Sources */,
				4DAAA6812637174E009392E1 /* Date+Converter.swift in Sources */,
				4D966BA92639A9BB00C5EC54 /* NetworkError.swift in Sources */,
				4D966BAE2639A9BB00C5EC54 /* TokenType.swift in Sources */,
				4D2D175F263802D000C274A2 /* GenericTableViewCellViewModelProtocol.swift in Sources */,
				4D9FFEFB26383565008F13EC /* UIView+Layer.swift in Sources */,
				4D966BA52639A9BB00C5EC54 /* RequestProtocol.swift in Sources */,
				4D2D17352637FBDC00C274A2 /* TableViewDataSource.swift in Sources */,
				4D966BB32639A9BB00C5EC54 /* ApiServiceProtocol.swift in Sources */,
				4D1AC431263986290071EB23 /* HistoryListRepository.swift in Sources */,
				4D2D176E2638185300C274A2 /* HistoryDetailsInformationDelegate.swift in Sources */,
				4D3643102634B48500E6919D /* AppDelegate.swift in Sources */,
				4D966BB22639A9BB00C5EC54 /* UrlSessionApiService.swift in Sources */,
				4D966BA42639A9BB00C5EC54 /* HTTPMethod.swift in Sources */,
				4D50730B2635FB14001C0904 /* NibInstanciable.swift in Sources */,
				4D36434D2634BB1100E6919D /* HistorySplitViewController.swift in Sources */,
				4D50732E26360605001C0904 /* HistoryDetailsViewModel.swift in Sources */,
				4D78B4BD263720C400C5287D /* CallType.swift in Sources */,
				4D966BF52639B7FC00C5EC54 /* Encodable+Extension.swift in Sources */,
				4D2D17592638022200C274A2 /* CallInformationPhoneOperatorTableViewCellViewModel.swift in Sources */,
				4D50733626360802001C0904 /* GenericTableViewCell.swift in Sources */,
				4D966BD42639AC7600C5EC54 /* GetCallOperation.swift in Sources */,
				4D7E6DAB2639440200D180C0 /* HistoryListDataSource.swift in Sources */,
				4D2D174A2637FD1B00C274A2 /* HistoryDetailsInformationDataSource.swift in Sources */,
				4D5073092635FB14001C0904 /* UIViewcontroller+Container.swift in Sources */,
				4D36431A2634B48500E6919D /* AircallLaurent.xcdatamodeld in Sources */,
				4D7E6DB72639458900D180C0 /* HistoryListDataProvider.swift in Sources */,
				4D2D172C2637F99800C274A2 /* CellConfigurating.swift in Sources */,
				4D7E6DA5263943E200D180C0 /* HistoryListViewModel.swift in Sources */,
				4D2D1768263806BA00C274A2 /* CallInformationDirectionTableViewCellViewModel.swift in Sources */,
				4D78B4B72637208F00C5287D /* Direction.swift in Sources */,
				4D2D17362637FBDC00C274A2 /* CellConfigurator.swift in Sources */,
				4D50730D2635FB14001C0904 /* Configurable.swift in Sources */,
				4D5073132635FB14001C0904 /* ConstraintType.swift in Sources */,
				4D2D172D2637F99800C274A2 /* CollectionDataProvider.swift in Sources */,
				4D3643122634B48500E6919D /* SceneDelegate.swift in Sources */,
				4D3643592634BB4B00E6919D /* HistoryListViewController.swift in Sources */,
			);
			runOnlyForDeploymentPostprocessing = 0;
		};
		4D3643212634B48700E6919D /* Sources */ = {
			isa = PBXSourcesBuildPhase;
			buildActionMask = 2147483647;
			files = (
				4D78B4B82637208F00C5287D /* Direction.swift in Sources */,
				4D966BD52639AC7600C5EC54 /* GetCallOperation.swift in Sources */,
				4D2D1760263802D000C274A2 /* GenericTableViewCellViewModelProtocol.swift in Sources */,
				4DAAA6822637174E009392E1 /* Date+Converter.swift in Sources */,
				4D7E6DB82639458900D180C0 /* HistoryListDataProvider.swift in Sources */,
				4D966BEC2639B21A00C5EC54 /* ResetModel.swift in Sources */,
				4D966BE12639AC9D00C5EC54 /* PostCallOperation.swift in Sources */,
				4D966BC12639AB4B00C5EC54 /* AircallAPI.swift in Sources */,
				4D50732F26360605001C0904 /* HistoryDetailsViewModel.swift in Sources */,
				4D2D17512638021400C274A2 /* ContactInformationTableViewCellViewModel.swift in Sources */,
				4D7E6DAC2639440200D180C0 /* HistoryListDataSource.swift in Sources */,
				4D36432A2634B48700E6919D /* AircallLaurentTests.swift in Sources */,
				4D7E6DB22639441500D180C0 /* HistoryListDelegate.swift in Sources */,
				4D78B4AF26371E1500C5287D /* CallModel.swift in Sources */,
				4D966BF62639B7FC00C5EC54 /* Encodable+Extension.swift in Sources */,
				4D50733D26360F50001C0904 /* CallTableViewCellViewModel.swift in Sources */,
				4D2D17452637FCAC00C274A2 /* HistoryDetailsInformationDataProvider.swift in Sources */,
				4DAAA6792637171E009392E1 /* DateTests.swift in Sources */,
				4D966BCC2639AC6C00C5EC54 /* GetCallsOperation.swift in Sources */,
				4D2D176F2638185300C274A2 /* HistoryDetailsInformationDelegate.swift in Sources */,
				4D966BFF263A15CE00C5EC54 /* HistorySplitViewModel.swift in Sources */,
				4D78B4C42637233B00C5287D /* CallModelTests.swift in Sources */,
				4D78B4BE263720C400C5287D /* CallType.swift in Sources */,
				4D1AC432263986290071EB23 /* HistoryListRepository.swift in Sources */,
				4D2D175A2638022200C274A2 /* CallInformationPhoneOperatorTableViewCellViewModel.swift in Sources */,
				4D2D1769263806BA00C274A2 /* CallInformationDirectionTableViewCellViewModel.swift in Sources */,
				4D966BDB2639AC8A00C5EC54 /* GetResetOperation.swift in Sources */,
				4D7E6DA6263943E200D180C0 /* HistoryListViewModel.swift in Sources */,
			);
			runOnlyForDeploymentPostprocessing = 0;
		};
		4D36432C2634B48700E6919D /* Sources */ = {
			isa = PBXSourcesBuildPhase;
			buildActionMask = 2147483647;
			files = (
				4D3643352634B48700E6919D /* AircallLaurentUITests.swift in Sources */,
			);
			runOnlyForDeploymentPostprocessing = 0;
		};
/* End PBXSourcesBuildPhase section */

/* Begin PBXTargetDependency section */
		4D3643272634B48700E6919D /* PBXTargetDependency */ = {
			isa = PBXTargetDependency;
			target = 4D36430B2634B48500E6919D /* AircallLaurent */;
			targetProxy = 4D3643262634B48700E6919D /* PBXContainerItemProxy */;
		};
		4D3643322634B48700E6919D /* PBXTargetDependency */ = {
			isa = PBXTargetDependency;
			target = 4D36430B2634B48500E6919D /* AircallLaurent */;
			targetProxy = 4D3643312634B48700E6919D /* PBXContainerItemProxy */;
		};
/* End PBXTargetDependency section */

/* Begin PBXVariantGroup section */
		4D3643152634B48500E6919D /* Main.storyboard */ = {
			isa = PBXVariantGroup;
			children = (
				4D3643162634B48500E6919D /* Base */,
			);
			name = Main.storyboard;
			sourceTree = "<group>";
		};
		4D36431D2634B48600E6919D /* LaunchScreen.storyboard */ = {
			isa = PBXVariantGroup;
			children = (
				4D36431E2634B48600E6919D /* Base */,
			);
			name = LaunchScreen.storyboard;
			sourceTree = "<group>";
		};
/* End PBXVariantGroup section */

/* Begin XCBuildConfiguration section */
		4D3643372634B48700E6919D /* Debug */ = {
			isa = XCBuildConfiguration;
			buildSettings = {
				ALWAYS_SEARCH_USER_PATHS = NO;
				CLANG_ANALYZER_NONNULL = YES;
				CLANG_ANALYZER_NUMBER_OBJECT_CONVERSION = YES_AGGRESSIVE;
				CLANG_CXX_LANGUAGE_STANDARD = "gnu++14";
				CLANG_CXX_LIBRARY = "libc++";
				CLANG_ENABLE_MODULES = YES;
				CLANG_ENABLE_OBJC_ARC = YES;
				CLANG_ENABLE_OBJC_WEAK = YES;
				CLANG_WARN_BLOCK_CAPTURE_AUTORELEASING = YES;
				CLANG_WARN_BOOL_CONVERSION = YES;
				CLANG_WARN_COMMA = YES;
				CLANG_WARN_CONSTANT_CONVERSION = YES;
				CLANG_WARN_DEPRECATED_OBJC_IMPLEMENTATIONS = YES;
				CLANG_WARN_DIRECT_OBJC_ISA_USAGE = YES_ERROR;
				CLANG_WARN_DOCUMENTATION_COMMENTS = YES;
				CLANG_WARN_EMPTY_BODY = YES;
				CLANG_WARN_ENUM_CONVERSION = YES;
				CLANG_WARN_INFINITE_RECURSION = YES;
				CLANG_WARN_INT_CONVERSION = YES;
				CLANG_WARN_NON_LITERAL_NULL_CONVERSION = YES;
				CLANG_WARN_OBJC_IMPLICIT_RETAIN_SELF = YES;
				CLANG_WARN_OBJC_LITERAL_CONVERSION = YES;
				CLANG_WARN_OBJC_ROOT_CLASS = YES_ERROR;
				CLANG_WARN_QUOTED_INCLUDE_IN_FRAMEWORK_HEADER = YES;
				CLANG_WARN_RANGE_LOOP_ANALYSIS = YES;
				CLANG_WARN_STRICT_PROTOTYPES = YES;
				CLANG_WARN_SUSPICIOUS_MOVE = YES;
				CLANG_WARN_UNGUARDED_AVAILABILITY = YES_AGGRESSIVE;
				CLANG_WARN_UNREACHABLE_CODE = YES;
				CLANG_WARN__DUPLICATE_METHOD_MATCH = YES;
				COPY_PHASE_STRIP = NO;
				DEBUG_INFORMATION_FORMAT = dwarf;
				ENABLE_STRICT_OBJC_MSGSEND = YES;
				ENABLE_TESTABILITY = YES;
				GCC_C_LANGUAGE_STANDARD = gnu11;
				GCC_DYNAMIC_NO_PIC = NO;
				GCC_NO_COMMON_BLOCKS = YES;
				GCC_OPTIMIZATION_LEVEL = 0;
				GCC_PREPROCESSOR_DEFINITIONS = (
					"DEBUG=1",
					"$(inherited)",
				);
				GCC_WARN_64_TO_32_BIT_CONVERSION = YES;
				GCC_WARN_ABOUT_RETURN_TYPE = YES_ERROR;
				GCC_WARN_UNDECLARED_SELECTOR = YES;
				GCC_WARN_UNINITIALIZED_AUTOS = YES_AGGRESSIVE;
				GCC_WARN_UNUSED_FUNCTION = YES;
				GCC_WARN_UNUSED_VARIABLE = YES;
				IPHONEOS_DEPLOYMENT_TARGET = 14.4;
				MTL_ENABLE_DEBUG_INFO = INCLUDE_SOURCE;
				MTL_FAST_MATH = YES;
				ONLY_ACTIVE_ARCH = YES;
				SDKROOT = iphoneos;
				SWIFT_ACTIVE_COMPILATION_CONDITIONS = DEBUG;
				SWIFT_OPTIMIZATION_LEVEL = "-Onone";
			};
			name = Debug;
		};
		4D3643382634B48700E6919D /* Release */ = {
			isa = XCBuildConfiguration;
			buildSettings = {
				ALWAYS_SEARCH_USER_PATHS = NO;
				CLANG_ANALYZER_NONNULL = YES;
				CLANG_ANALYZER_NUMBER_OBJECT_CONVERSION = YES_AGGRESSIVE;
				CLANG_CXX_LANGUAGE_STANDARD = "gnu++14";
				CLANG_CXX_LIBRARY = "libc++";
				CLANG_ENABLE_MODULES = YES;
				CLANG_ENABLE_OBJC_ARC = YES;
				CLANG_ENABLE_OBJC_WEAK = YES;
				CLANG_WARN_BLOCK_CAPTURE_AUTORELEASING = YES;
				CLANG_WARN_BOOL_CONVERSION = YES;
				CLANG_WARN_COMMA = YES;
				CLANG_WARN_CONSTANT_CONVERSION = YES;
				CLANG_WARN_DEPRECATED_OBJC_IMPLEMENTATIONS = YES;
				CLANG_WARN_DIRECT_OBJC_ISA_USAGE = YES_ERROR;
				CLANG_WARN_DOCUMENTATION_COMMENTS = YES;
				CLANG_WARN_EMPTY_BODY = YES;
				CLANG_WARN_ENUM_CONVERSION = YES;
				CLANG_WARN_INFINITE_RECURSION = YES;
				CLANG_WARN_INT_CONVERSION = YES;
				CLANG_WARN_NON_LITERAL_NULL_CONVERSION = YES;
				CLANG_WARN_OBJC_IMPLICIT_RETAIN_SELF = YES;
				CLANG_WARN_OBJC_LITERAL_CONVERSION = YES;
				CLANG_WARN_OBJC_ROOT_CLASS = YES_ERROR;
				CLANG_WARN_QUOTED_INCLUDE_IN_FRAMEWORK_HEADER = YES;
				CLANG_WARN_RANGE_LOOP_ANALYSIS = YES;
				CLANG_WARN_STRICT_PROTOTYPES = YES;
				CLANG_WARN_SUSPICIOUS_MOVE = YES;
				CLANG_WARN_UNGUARDED_AVAILABILITY = YES_AGGRESSIVE;
				CLANG_WARN_UNREACHABLE_CODE = YES;
				CLANG_WARN__DUPLICATE_METHOD_MATCH = YES;
				COPY_PHASE_STRIP = NO;
				DEBUG_INFORMATION_FORMAT = "dwarf-with-dsym";
				ENABLE_NS_ASSERTIONS = NO;
				ENABLE_STRICT_OBJC_MSGSEND = YES;
				GCC_C_LANGUAGE_STANDARD = gnu11;
				GCC_NO_COMMON_BLOCKS = YES;
				GCC_WARN_64_TO_32_BIT_CONVERSION = YES;
				GCC_WARN_ABOUT_RETURN_TYPE = YES_ERROR;
				GCC_WARN_UNDECLARED_SELECTOR = YES;
				GCC_WARN_UNINITIALIZED_AUTOS = YES_AGGRESSIVE;
				GCC_WARN_UNUSED_FUNCTION = YES;
				GCC_WARN_UNUSED_VARIABLE = YES;
				IPHONEOS_DEPLOYMENT_TARGET = 14.4;
				MTL_ENABLE_DEBUG_INFO = NO;
				MTL_FAST_MATH = YES;
				SDKROOT = iphoneos;
				SWIFT_COMPILATION_MODE = wholemodule;
				SWIFT_OPTIMIZATION_LEVEL = "-O";
				VALIDATE_PRODUCT = YES;
			};
			name = Release;
		};
		4D36433A2634B48700E6919D /* Debug */ = {
			isa = XCBuildConfiguration;
			buildSettings = {
				ASSETCATALOG_COMPILER_APPICON_NAME = AppIcon;
				ASSETCATALOG_COMPILER_GLOBAL_ACCENT_COLOR_NAME = AccentColor;
				CODE_SIGN_STYLE = Automatic;
				DEVELOPMENT_TEAM = DPG42P5LUG;
				INFOPLIST_FILE = AircallLaurent/Info.plist;
				IPHONEOS_DEPLOYMENT_TARGET = 13.0;
				LD_RUNPATH_SEARCH_PATHS = (
					"$(inherited)",
					"@executable_path/Frameworks",
				);
				PRODUCT_BUNDLE_IDENTIFIER = com.laurent.AircallLaurent;
				PRODUCT_NAME = "$(TARGET_NAME)";
				SWIFT_VERSION = 5.0;
				TARGETED_DEVICE_FAMILY = "1,2";
			};
			name = Debug;
		};
		4D36433B2634B48700E6919D /* Release */ = {
			isa = XCBuildConfiguration;
			buildSettings = {
				ASSETCATALOG_COMPILER_APPICON_NAME = AppIcon;
				ASSETCATALOG_COMPILER_GLOBAL_ACCENT_COLOR_NAME = AccentColor;
				CODE_SIGN_STYLE = Automatic;
				DEVELOPMENT_TEAM = DPG42P5LUG;
				INFOPLIST_FILE = AircallLaurent/Info.plist;
				IPHONEOS_DEPLOYMENT_TARGET = 13.0;
				LD_RUNPATH_SEARCH_PATHS = (
					"$(inherited)",
					"@executable_path/Frameworks",
				);
				PRODUCT_BUNDLE_IDENTIFIER = com.laurent.AircallLaurent;
				PRODUCT_NAME = "$(TARGET_NAME)";
				SWIFT_VERSION = 5.0;
				TARGETED_DEVICE_FAMILY = "1,2";
			};
			name = Release;
		};
		4D36433D2634B48700E6919D /* Debug */ = {
			isa = XCBuildConfiguration;
			buildSettings = {
				ALWAYS_EMBED_SWIFT_STANDARD_LIBRARIES = YES;
				BUNDLE_LOADER = "$(TEST_HOST)";
				CODE_SIGN_STYLE = Automatic;
				DEVELOPMENT_TEAM = DPG42P5LUG;
				INFOPLIST_FILE = AircallLaurentTests/Info.plist;
				IPHONEOS_DEPLOYMENT_TARGET = 14.4;
				LD_RUNPATH_SEARCH_PATHS = (
					"$(inherited)",
					"@executable_path/Frameworks",
					"@loader_path/Frameworks",
				);
				PRODUCT_BUNDLE_IDENTIFIER = com.laurent.AircallLaurentTests;
				PRODUCT_NAME = "$(TARGET_NAME)";
				SWIFT_VERSION = 5.0;
				TARGETED_DEVICE_FAMILY = "1,2";
				TEST_HOST = "$(BUILT_PRODUCTS_DIR)/AircallLaurent.app/AircallLaurent";
			};
			name = Debug;
		};
		4D36433E2634B48700E6919D /* Release */ = {
			isa = XCBuildConfiguration;
			buildSettings = {
				ALWAYS_EMBED_SWIFT_STANDARD_LIBRARIES = YES;
				BUNDLE_LOADER = "$(TEST_HOST)";
				CODE_SIGN_STYLE = Automatic;
				DEVELOPMENT_TEAM = DPG42P5LUG;
				INFOPLIST_FILE = AircallLaurentTests/Info.plist;
				IPHONEOS_DEPLOYMENT_TARGET = 14.4;
				LD_RUNPATH_SEARCH_PATHS = (
					"$(inherited)",
					"@executable_path/Frameworks",
					"@loader_path/Frameworks",
				);
				PRODUCT_BUNDLE_IDENTIFIER = com.laurent.AircallLaurentTests;
				PRODUCT_NAME = "$(TARGET_NAME)";
				SWIFT_VERSION = 5.0;
				TARGETED_DEVICE_FAMILY = "1,2";
				TEST_HOST = "$(BUILT_PRODUCTS_DIR)/AircallLaurent.app/AircallLaurent";
			};
			name = Release;
		};
		4D3643402634B48700E6919D /* Debug */ = {
			isa = XCBuildConfiguration;
			buildSettings = {
				ALWAYS_EMBED_SWIFT_STANDARD_LIBRARIES = YES;
				CODE_SIGN_STYLE = Automatic;
				DEVELOPMENT_TEAM = DPG42P5LUG;
				INFOPLIST_FILE = AircallLaurentUITests/Info.plist;
				LD_RUNPATH_SEARCH_PATHS = (
					"$(inherited)",
					"@executable_path/Frameworks",
					"@loader_path/Frameworks",
				);
				PRODUCT_BUNDLE_IDENTIFIER = com.laurent.AircallLaurentUITests;
				PRODUCT_NAME = "$(TARGET_NAME)";
				SWIFT_VERSION = 5.0;
				TARGETED_DEVICE_FAMILY = "1,2";
				TEST_TARGET_NAME = AircallLaurent;
			};
			name = Debug;
		};
		4D3643412634B48700E6919D /* Release */ = {
			isa = XCBuildConfiguration;
			buildSettings = {
				ALWAYS_EMBED_SWIFT_STANDARD_LIBRARIES = YES;
				CODE_SIGN_STYLE = Automatic;
				DEVELOPMENT_TEAM = DPG42P5LUG;
				INFOPLIST_FILE = AircallLaurentUITests/Info.plist;
				LD_RUNPATH_SEARCH_PATHS = (
					"$(inherited)",
					"@executable_path/Frameworks",
					"@loader_path/Frameworks",
				);
				PRODUCT_BUNDLE_IDENTIFIER = com.laurent.AircallLaurentUITests;
				PRODUCT_NAME = "$(TARGET_NAME)";
				SWIFT_VERSION = 5.0;
				TARGETED_DEVICE_FAMILY = "1,2";
				TEST_TARGET_NAME = AircallLaurent;
			};
			name = Release;
		};
/* End XCBuildConfiguration section */

/* Begin XCConfigurationList section */
		4D3643072634B48500E6919D /* Build configuration list for PBXProject "AircallLaurent" */ = {
			isa = XCConfigurationList;
			buildConfigurations = (
				4D3643372634B48700E6919D /* Debug */,
				4D3643382634B48700E6919D /* Release */,
			);
			defaultConfigurationIsVisible = 0;
			defaultConfigurationName = Release;
		};
		4D3643392634B48700E6919D /* Build configuration list for PBXNativeTarget "AircallLaurent" */ = {
			isa = XCConfigurationList;
			buildConfigurations = (
				4D36433A2634B48700E6919D /* Debug */,
				4D36433B2634B48700E6919D /* Release */,
			);
			defaultConfigurationIsVisible = 0;
			defaultConfigurationName = Release;
		};
		4D36433C2634B48700E6919D /* Build configuration list for PBXNativeTarget "AircallLaurentTests" */ = {
			isa = XCConfigurationList;
			buildConfigurations = (
				4D36433D2634B48700E6919D /* Debug */,
				4D36433E2634B48700E6919D /* Release */,
			);
			defaultConfigurationIsVisible = 0;
			defaultConfigurationName = Release;
		};
		4D36433F2634B48700E6919D /* Build configuration list for PBXNativeTarget "AircallLaurentUITests" */ = {
			isa = XCConfigurationList;
			buildConfigurations = (
				4D3643402634B48700E6919D /* Debug */,
				4D3643412634B48700E6919D /* Release */,
			);
			defaultConfigurationIsVisible = 0;
			defaultConfigurationName = Release;
		};
/* End XCConfigurationList section */

/* Begin XCVersionGroup section */
		4D3643182634B48500E6919D /* AircallLaurent.xcdatamodeld */ = {
			isa = XCVersionGroup;
			children = (
				4D3643192634B48500E6919D /* AircallLaurent.xcdatamodel */,
			);
			currentVersion = 4D3643192634B48500E6919D /* AircallLaurent.xcdatamodel */;
			path = AircallLaurent.xcdatamodeld;
			sourceTree = "<group>";
			versionGroupType = wrapper.xcdatamodel;
		};
/* End XCVersionGroup section */
	};
	rootObject = 4D3643042634B48500E6919D /* Project object */;
}
