// !$*UTF8*$!
{
	archiveVersion = 1;
	classes = {
	};
	objectVersion = 51;
	objects = {

/* Begin PBXBuildFile section */
		4938FEFB24B720970066B4CD /* AppDelegate.swift in Sources */ = {isa = PBXBuildFile; fileRef = 4938FEFA24B720970066B4CD /* AppDelegate.swift */; };
		4938FEFD24B720970066B4CD /* SceneDelegate.swift in Sources */ = {isa = PBXBuildFile; fileRef = 4938FEFC24B720970066B4CD /* SceneDelegate.swift */; };
		4938FEFF24B720970066B4CD /* ViewController.swift in Sources */ = {isa = PBXBuildFile; fileRef = 4938FEFE24B720970066B4CD /* ViewController.swift */; };
		4938FF0224B720970066B4CD /* Main.storyboard in Resources */ = {isa = PBXBuildFile; fileRef = 4938FF0024B720970066B4CD /* Main.storyboard */; };
		4938FF0424B720980066B4CD /* Assets.xcassets in Resources */ = {isa = PBXBuildFile; fileRef = 4938FF0324B720980066B4CD /* Assets.xcassets */; };
		4938FF0724B720980066B4CD /* LaunchScreen.storyboard in Resources */ = {isa = PBXBuildFile; fileRef = 4938FF0524B720980066B4CD /* LaunchScreen.storyboard */; };
		4991974324B8A91F0007EC5B /* DurationConverter.swift in Sources */ = {isa = PBXBuildFile; fileRef = 4991974224B8A91F0007EC5B /* DurationConverter.swift */; };
		49E4DA0824B732260090AFB7 /* StoryboardScenes.generated.swift in Sources */ = {isa = PBXBuildFile; fileRef = 49E4DA0424B732260090AFB7 /* StoryboardScenes.generated.swift */; };
		49E4DA0924B732260090AFB7 /* Assets.generated.swift in Sources */ = {isa = PBXBuildFile; fileRef = 49E4DA0524B732260090AFB7 /* Assets.generated.swift */; };
		49E4DA0A24B732260090AFB7 /* ServiceResolver.generated.swift in Sources */ = {isa = PBXBuildFile; fileRef = 49E4DA0624B732260090AFB7 /* ServiceResolver.generated.swift */; };
		49E4DA0B24B732260090AFB7 /* Register.generated.swift in Sources */ = {isa = PBXBuildFile; fileRef = 49E4DA0724B732260090AFB7 /* Register.generated.swift */; };
		49E4DA1424B733390090AFB7 /* Call.swift in Sources */ = {isa = PBXBuildFile; fileRef = 49E4DA1324B733390090AFB7 /* Call.swift */; };
		49E4DA1724B733BC0090AFB7 /* Duration.swift in Sources */ = {isa = PBXBuildFile; fileRef = 49E4DA1624B733BC0090AFB7 /* Duration.swift */; };
		49E4DA1924B73D370090AFB7 /* ActivityFeedPageViewController.swift in Sources */ = {isa = PBXBuildFile; fileRef = 49E4DA1824B73D370090AFB7 /* ActivityFeedPageViewController.swift */; };
		49E4DA1C24B743FC0090AFB7 /* CallViewCell.swift in Sources */ = {isa = PBXBuildFile; fileRef = 49E4DA1B24B743FC0090AFB7 /* CallViewCell.swift */; };
		49E4DA1F24B7473B0090AFB7 /* CallDataSource.swift in Sources */ = {isa = PBXBuildFile; fileRef = 49E4DA1E24B7473B0090AFB7 /* CallDataSource.swift */; };
		49E4DA2224B74FF00090AFB7 /* ActivityFeedPageViewModel.swift in Sources */ = {isa = PBXBuildFile; fileRef = 49E4DA2124B74FF00090AFB7 /* ActivityFeedPageViewModel.swift */; };
		49E4DA2524B7568C0090AFB7 /* CallDetailsPageViewController.swift in Sources */ = {isa = PBXBuildFile; fileRef = 49E4DA2424B7568C0090AFB7 /* CallDetailsPageViewController.swift */; };
		49E4DA2724B756BE0090AFB7 /* CallDetailsPage.storyboard in Resources */ = {isa = PBXBuildFile; fileRef = 49E4DA2624B756BE0090AFB7 /* CallDetailsPage.storyboard */; };
		49E4DA2924B75F4F0090AFB7 /* CallDetailsPageViewModel.swift in Sources */ = {isa = PBXBuildFile; fileRef = 49E4DA2824B75F4F0090AFB7 /* CallDetailsPageViewModel.swift */; };
		49E4DA3324B775E60090AFB7 /* ImageStyle.swift in Sources */ = {isa = PBXBuildFile; fileRef = 49E4DA3224B775E60090AFB7 /* ImageStyle.swift */; };
		49E4DA3524B776C90090AFB7 /* DateConverter.swift in Sources */ = {isa = PBXBuildFile; fileRef = 49E4DA3424B776C90090AFB7 /* DateConverter.swift */; };
		49E4DA3924B779030090AFB7 /* CallViewComponent.swift in Sources */ = {isa = PBXBuildFile; fileRef = 49E4DA3824B779030090AFB7 /* CallViewComponent.swift */; };
		49E4DA3B24B77F2D0090AFB7 /* CallerConverter.swift in Sources */ = {isa = PBXBuildFile; fileRef = 49E4DA3A24B77F2D0090AFB7 /* CallerConverter.swift */; };
		49E4DA3D24B77F480090AFB7 /* DirectionViewComponent.swift in Sources */ = {isa = PBXBuildFile; fileRef = 49E4DA3C24B77F480090AFB7 /* DirectionViewComponent.swift */; };
		49E4DA3F24B77F540090AFB7 /* CallStatusConverter.swift in Sources */ = {isa = PBXBuildFile; fileRef = 49E4DA3E24B77F540090AFB7 /* CallStatusConverter.swift */; };
		49FCC53B24C484D500458DCA /* DateConverterTests.swift in Sources */ = {isa = PBXBuildFile; fileRef = 49FCC53A24C484D500458DCA /* DateConverterTests.swift */; };
		49FCC53D24C4858800458DCA /* DurationConverterTests.swift in Sources */ = {isa = PBXBuildFile; fileRef = 49FCC53C24C4858800458DCA /* DurationConverterTests.swift */; };
		49FCC53F24C48A4300458DCA /* CallRepository.swift in Sources */ = {isa = PBXBuildFile; fileRef = 49FCC53E24C48A4300458DCA /* CallRepository.swift */; };
		49FCC54324C48D3400458DCA /* AircallRestDataSource.swift in Sources */ = {isa = PBXBuildFile; fileRef = 49FCC54224C48D3400458DCA /* AircallRestDataSource.swift */; };
		49FCC54824C4B3F100458DCA /* AircallRestEndpointTests.swift in Sources */ = {isa = PBXBuildFile; fileRef = 49FCC54724C4B3F100458DCA /* AircallRestEndpointTests.swift */; };
		69E2CACC6DDDEF3512003AA9 /* libPods-Aircall.a in Frameworks */ = {isa = PBXBuildFile; fileRef = 1D70ED4D8EEDE29C2F7ED913 /* libPods-Aircall.a */; };
		B306449DFBDFC273D6702E11 /* libPods-AircallTests.a in Frameworks */ = {isa = PBXBuildFile; fileRef = 12EAA1895F5837C21BDAE2B5 /* libPods-AircallTests.a */; };
/* End PBXBuildFile section */

/* Begin PBXContainerItemProxy section */
		4938FF0E24B720980066B4CD /* PBXContainerItemProxy */ = {
			isa = PBXContainerItemProxy;
			containerPortal = 4938FEEF24B720970066B4CD /* Project object */;
			proxyType = 1;
			remoteGlobalIDString = 4938FEF624B720970066B4CD;
			remoteInfo = Aircall;
		};
/* End PBXContainerItemProxy section */

/* Begin PBXFileReference section */
		12EAA1895F5837C21BDAE2B5 /* libPods-AircallTests.a */ = {isa = PBXFileReference; explicitFileType = archive.ar; includeInIndex = 0; path = "libPods-AircallTests.a"; sourceTree = BUILT_PRODUCTS_DIR; };
		1D70ED4D8EEDE29C2F7ED913 /* libPods-Aircall.a */ = {isa = PBXFileReference; explicitFileType = archive.ar; includeInIndex = 0; path = "libPods-Aircall.a"; sourceTree = BUILT_PRODUCTS_DIR; };
		4938FEF724B720970066B4CD /* Aircall.app */ = {isa = PBXFileReference; explicitFileType = wrapper.application; includeInIndex = 0; path = Aircall.app; sourceTree = BUILT_PRODUCTS_DIR; };
		4938FEFA24B720970066B4CD /* AppDelegate.swift */ = {isa = PBXFileReference; lastKnownFileType = sourcecode.swift; path = AppDelegate.swift; sourceTree = "<group>"; };
		4938FEFC24B720970066B4CD /* SceneDelegate.swift */ = {isa = PBXFileReference; lastKnownFileType = sourcecode.swift; path = SceneDelegate.swift; sourceTree = "<group>"; };
		4938FEFE24B720970066B4CD /* ViewController.swift */ = {isa = PBXFileReference; lastKnownFileType = sourcecode.swift; path = ViewController.swift; sourceTree = "<group>"; };
		4938FF0124B720970066B4CD /* Base */ = {isa = PBXFileReference; lastKnownFileType = file.storyboard; name = Base; path = Base.lproj/Main.storyboard; sourceTree = "<group>"; };
		4938FF0324B720980066B4CD /* Assets.xcassets */ = {isa = PBXFileReference; lastKnownFileType = folder.assetcatalog; path = Assets.xcassets; sourceTree = "<group>"; };
		4938FF0624B720980066B4CD /* Base */ = {isa = PBXFileReference; lastKnownFileType = file.storyboard; name = Base; path = Base.lproj/LaunchScreen.storyboard; sourceTree = "<group>"; };
		4938FF0824B720980066B4CD /* Info.plist */ = {isa = PBXFileReference; lastKnownFileType = text.plist.xml; path = Info.plist; sourceTree = "<group>"; };
		4938FF0D24B720980066B4CD /* AircallTests.xctest */ = {isa = PBXFileReference; explicitFileType = wrapper.cfbundle; includeInIndex = 0; path = AircallTests.xctest; sourceTree = BUILT_PRODUCTS_DIR; };
		4938FF1324B720980066B4CD /* Info.plist */ = {isa = PBXFileReference; lastKnownFileType = text.plist.xml; path = Info.plist; sourceTree = "<group>"; };
		4991974224B8A91F0007EC5B /* DurationConverter.swift */ = {isa = PBXFileReference; lastKnownFileType = sourcecode.swift; path = DurationConverter.swift; sourceTree = "<group>"; };
		49E4DA0424B732260090AFB7 /* StoryboardScenes.generated.swift */ = {isa = PBXFileReference; fileEncoding = 4; lastKnownFileType = sourcecode.swift; path = StoryboardScenes.generated.swift; sourceTree = "<group>"; };
		49E4DA0524B732260090AFB7 /* Assets.generated.swift */ = {isa = PBXFileReference; fileEncoding = 4; lastKnownFileType = sourcecode.swift; path = Assets.generated.swift; sourceTree = "<group>"; };
		49E4DA0624B732260090AFB7 /* ServiceResolver.generated.swift */ = {isa = PBXFileReference; fileEncoding = 4; lastKnownFileType = sourcecode.swift; path = ServiceResolver.generated.swift; sourceTree = "<group>"; };
		49E4DA0724B732260090AFB7 /* Register.generated.swift */ = {isa = PBXFileReference; fileEncoding = 4; lastKnownFileType = sourcecode.swift; path = Register.generated.swift; sourceTree = "<group>"; };
		49E4DA1324B733390090AFB7 /* Call.swift */ = {isa = PBXFileReference; lastKnownFileType = sourcecode.swift; path = Call.swift; sourceTree = "<group>"; };
		49E4DA1624B733BC0090AFB7 /* Duration.swift */ = {isa = PBXFileReference; lastKnownFileType = sourcecode.swift; path = Duration.swift; sourceTree = "<group>"; };
		49E4DA1824B73D370090AFB7 /* ActivityFeedPageViewController.swift */ = {isa = PBXFileReference; lastKnownFileType = sourcecode.swift; path = ActivityFeedPageViewController.swift; sourceTree = "<group>"; };
		49E4DA1B24B743FC0090AFB7 /* CallViewCell.swift */ = {isa = PBXFileReference; lastKnownFileType = sourcecode.swift; path = CallViewCell.swift; sourceTree = "<group>"; };
		49E4DA1E24B7473B0090AFB7 /* CallDataSource.swift */ = {isa = PBXFileReference; lastKnownFileType = sourcecode.swift; path = CallDataSource.swift; sourceTree = "<group>"; };
		49E4DA2124B74FF00090AFB7 /* ActivityFeedPageViewModel.swift */ = {isa = PBXFileReference; lastKnownFileType = sourcecode.swift; path = ActivityFeedPageViewModel.swift; sourceTree = "<group>"; };
		49E4DA2424B7568C0090AFB7 /* CallDetailsPageViewController.swift */ = {isa = PBXFileReference; lastKnownFileType = sourcecode.swift; path = CallDetailsPageViewController.swift; sourceTree = "<group>"; };
		49E4DA2624B756BE0090AFB7 /* CallDetailsPage.storyboard */ = {isa = PBXFileReference; lastKnownFileType = file.storyboard; path = CallDetailsPage.storyboard; sourceTree = "<group>"; };
		49E4DA2824B75F4F0090AFB7 /* CallDetailsPageViewModel.swift */ = {isa = PBXFileReference; lastKnownFileType = sourcecode.swift; path = CallDetailsPageViewModel.swift; sourceTree = "<group>"; };
		49E4DA3224B775E60090AFB7 /* ImageStyle.swift */ = {isa = PBXFileReference; lastKnownFileType = sourcecode.swift; path = ImageStyle.swift; sourceTree = "<group>"; };
		49E4DA3424B776C90090AFB7 /* DateConverter.swift */ = {isa = PBXFileReference; lastKnownFileType = sourcecode.swift; path = DateConverter.swift; sourceTree = "<group>"; };
		49E4DA3824B779030090AFB7 /* CallViewComponent.swift */ = {isa = PBXFileReference; lastKnownFileType = sourcecode.swift; path = CallViewComponent.swift; sourceTree = "<group>"; };
		49E4DA3A24B77F2D0090AFB7 /* CallerConverter.swift */ = {isa = PBXFileReference; lastKnownFileType = sourcecode.swift; path = CallerConverter.swift; sourceTree = "<group>"; };
		49E4DA3C24B77F480090AFB7 /* DirectionViewComponent.swift */ = {isa = PBXFileReference; lastKnownFileType = sourcecode.swift; path = DirectionViewComponent.swift; sourceTree = "<group>"; };
		49E4DA3E24B77F540090AFB7 /* CallStatusConverter.swift */ = {isa = PBXFileReference; lastKnownFileType = sourcecode.swift; path = CallStatusConverter.swift; sourceTree = "<group>"; };
		49FCC53A24C484D500458DCA /* DateConverterTests.swift */ = {isa = PBXFileReference; lastKnownFileType = sourcecode.swift; path = DateConverterTests.swift; sourceTree = "<group>"; };
		49FCC53C24C4858800458DCA /* DurationConverterTests.swift */ = {isa = PBXFileReference; lastKnownFileType = sourcecode.swift; path = DurationConverterTests.swift; sourceTree = "<group>"; };
		49FCC53E24C48A4300458DCA /* CallRepository.swift */ = {isa = PBXFileReference; lastKnownFileType = sourcecode.swift; path = CallRepository.swift; sourceTree = "<group>"; };
		49FCC54224C48D3400458DCA /* AircallRestDataSource.swift */ = {isa = PBXFileReference; lastKnownFileType = sourcecode.swift; path = AircallRestDataSource.swift; sourceTree = "<group>"; };
		49FCC54724C4B3F100458DCA /* AircallRestEndpointTests.swift */ = {isa = PBXFileReference; lastKnownFileType = sourcecode.swift; path = AircallRestEndpointTests.swift; sourceTree = "<group>"; };
		6F76E2B062A688DB40DDC514 /* Pods-AircallTests.debug.xcconfig */ = {isa = PBXFileReference; includeInIndex = 1; lastKnownFileType = text.xcconfig; name = "Pods-AircallTests.debug.xcconfig"; path = "Target Support Files/Pods-AircallTests/Pods-AircallTests.debug.xcconfig"; sourceTree = "<group>"; };
		E761BBFE34DA01072652D0AD /* Pods-Aircall.debug.xcconfig */ = {isa = PBXFileReference; includeInIndex = 1; lastKnownFileType = text.xcconfig; name = "Pods-Aircall.debug.xcconfig"; path = "Target Support Files/Pods-Aircall/Pods-Aircall.debug.xcconfig"; sourceTree = "<group>"; };
		EA37A7503738617FA2280B37 /* Pods-AircallTests.release.xcconfig */ = {isa = PBXFileReference; includeInIndex = 1; lastKnownFileType = text.xcconfig; name = "Pods-AircallTests.release.xcconfig"; path = "Target Support Files/Pods-AircallTests/Pods-AircallTests.release.xcconfig"; sourceTree = "<group>"; };
		F06CFA81158562D19312B085 /* Pods-Aircall.release.xcconfig */ = {isa = PBXFileReference; includeInIndex = 1; lastKnownFileType = text.xcconfig; name = "Pods-Aircall.release.xcconfig"; path = "Target Support Files/Pods-Aircall/Pods-Aircall.release.xcconfig"; sourceTree = "<group>"; };
/* End PBXFileReference section */

/* Begin PBXFrameworksBuildPhase section */
		4938FEF424B720970066B4CD /* Frameworks */ = {
			isa = PBXFrameworksBuildPhase;
			buildActionMask = 2147483647;
			files = (
				69E2CACC6DDDEF3512003AA9 /* libPods-Aircall.a in Frameworks */,
			);
			runOnlyForDeploymentPostprocessing = 0;
		};
		4938FF0A24B720980066B4CD /* Frameworks */ = {
			isa = PBXFrameworksBuildPhase;
			buildActionMask = 2147483647;
			files = (
				B306449DFBDFC273D6702E11 /* libPods-AircallTests.a in Frameworks */,
			);
			runOnlyForDeploymentPostprocessing = 0;
		};
/* End PBXFrameworksBuildPhase section */

/* Begin PBXGroup section */
		4938FEEE24B720970066B4CD = {
			isa = PBXGroup;
			children = (
				4938FEF924B720970066B4CD /* Aircall */,
				4938FF1024B720980066B4CD /* AircallTests */,
				4938FEF824B720970066B4CD /* Products */,
				E921D6BC6893FDCB118A12F3 /* Pods */,
				677F23CF1FFCBBFBB5E2F8AC /* Frameworks */,
			);
			sourceTree = "<group>";
		};
		4938FEF824B720970066B4CD /* Products */ = {
			isa = PBXGroup;
			children = (
				4938FEF724B720970066B4CD /* Aircall.app */,
				4938FF0D24B720980066B4CD /* AircallTests.xctest */,
			);
			name = Products;
			sourceTree = "<group>";
		};
		4938FEF924B720970066B4CD /* Aircall */ = {
			isa = PBXGroup;
			children = (
				49E4DA0324B732260090AFB7 /* Generated */,
				49E4DA1124B733090090AFB7 /* Data */,
				49E4DA0E24B733090090AFB7 /* Domain */,
				49E4DA0F24B733090090AFB7 /* App */,
				4938FEFA24B720970066B4CD /* AppDelegate.swift */,
				4938FEFC24B720970066B4CD /* SceneDelegate.swift */,
				4938FEFE24B720970066B4CD /* ViewController.swift */,
				4938FF0024B720970066B4CD /* Main.storyboard */,
				4938FF0324B720980066B4CD /* Assets.xcassets */,
				4938FF0524B720980066B4CD /* LaunchScreen.storyboard */,
				4938FF0824B720980066B4CD /* Info.plist */,
			);
			path = Aircall;
			sourceTree = "<group>";
		};
		4938FF1024B720980066B4CD /* AircallTests */ = {
			isa = PBXGroup;
			children = (
				49FCC54424C4B3B700458DCA /* Data */,
				49FCC53824C484C000458DCA /* App */,
				4938FF1324B720980066B4CD /* Info.plist */,
			);
			path = AircallTests;
			sourceTree = "<group>";
		};
		4991974024B888E30007EC5B /* Direction */ = {
			isa = PBXGroup;
			children = (
				49E4DA3C24B77F480090AFB7 /* DirectionViewComponent.swift */,
			);
			path = Direction;
			sourceTree = "<group>";
		};
		4991974124B89D160007EC5B /* Cell */ = {
			isa = PBXGroup;
			children = (
				49E4DA1B24B743FC0090AFB7 /* CallViewCell.swift */,
			);
			path = Cell;
			sourceTree = "<group>";
		};
		49E4DA0324B732260090AFB7 /* Generated */ = {
			isa = PBXGroup;
			children = (
				49E4DA0424B732260090AFB7 /* StoryboardScenes.generated.swift */,
				49E4DA0524B732260090AFB7 /* Assets.generated.swift */,
				49E4DA0624B732260090AFB7 /* ServiceResolver.generated.swift */,
				49E4DA0724B732260090AFB7 /* Register.generated.swift */,
			);
			path = Generated;
			sourceTree = "<group>";
		};
		49E4DA0E24B733090090AFB7 /* Domain */ = {
			isa = PBXGroup;
			children = (
				49E4DA1224B7331B0090AFB7 /* Call */,
				49E4DA1624B733BC0090AFB7 /* Duration.swift */,
			);
			path = Domain;
			sourceTree = "<group>";
		};
		49E4DA0F24B733090090AFB7 /* App */ = {
			isa = PBXGroup;
			children = (
				49E4DA3124B775B70090AFB7 /* Style */,
				49E4DA2E24B775390090AFB7 /* Converter */,
				49E4DA1A24B73DBE0090AFB7 /* View */,
				49E4DA1024B733090090AFB7 /* Page */,
			);
			path = App;
			sourceTree = "<group>";
		};
		49E4DA1024B733090090AFB7 /* Page */ = {
			isa = PBXGroup;
			children = (
				49E4DA2324B756790090AFB7 /* CallDetails */,
				49E4DA2024B74FDF0090AFB7 /* Activity */,
			);
			path = Page;
			sourceTree = "<group>";
		};
		49E4DA1124B733090090AFB7 /* Data */ = {
			isa = PBXGroup;
			children = (
				49FCC54024C48B1700458DCA /* DataSource */,
			);
			path = Data;
			sourceTree = "<group>";
		};
		49E4DA1224B7331B0090AFB7 /* Call */ = {
			isa = PBXGroup;
			children = (
				49E4DA1324B733390090AFB7 /* Call.swift */,
				49FCC53E24C48A4300458DCA /* CallRepository.swift */,
			);
			path = Call;
			sourceTree = "<group>";
		};
		49E4DA1A24B73DBE0090AFB7 /* View */ = {
			isa = PBXGroup;
			children = (
				4991974024B888E30007EC5B /* Direction */,
				49E4DA1D24B744000090AFB7 /* Call */,
			);
			path = View;
			sourceTree = "<group>";
		};
		49E4DA1D24B744000090AFB7 /* Call */ = {
			isa = PBXGroup;
			children = (
				4991974124B89D160007EC5B /* Cell */,
				49E4DA3824B779030090AFB7 /* CallViewComponent.swift */,
				49E4DA1E24B7473B0090AFB7 /* CallDataSource.swift */,
			);
			path = Call;
			sourceTree = "<group>";
		};
		49E4DA2024B74FDF0090AFB7 /* Activity */ = {
			isa = PBXGroup;
			children = (
				49E4DA1824B73D370090AFB7 /* ActivityFeedPageViewController.swift */,
				49E4DA2124B74FF00090AFB7 /* ActivityFeedPageViewModel.swift */,
			);
			path = Activity;
			sourceTree = "<group>";
		};
		49E4DA2324B756790090AFB7 /* CallDetails */ = {
			isa = PBXGroup;
			children = (
				49E4DA2424B7568C0090AFB7 /* CallDetailsPageViewController.swift */,
				49E4DA2624B756BE0090AFB7 /* CallDetailsPage.storyboard */,
				49E4DA2824B75F4F0090AFB7 /* CallDetailsPageViewModel.swift */,
			);
			path = CallDetails;
			sourceTree = "<group>";
		};
		49E4DA2E24B775390090AFB7 /* Converter */ = {
			isa = PBXGroup;
			children = (
				49E4DA3424B776C90090AFB7 /* DateConverter.swift */,
				49E4DA3A24B77F2D0090AFB7 /* CallerConverter.swift */,
				49E4DA3E24B77F540090AFB7 /* CallStatusConverter.swift */,
				4991974224B8A91F0007EC5B /* DurationConverter.swift */,
			);
			path = Converter;
			sourceTree = "<group>";
		};
		49E4DA3124B775B70090AFB7 /* Style */ = {
			isa = PBXGroup;
			children = (
				49E4DA3224B775E60090AFB7 /* ImageStyle.swift */,
			);
			path = Style;
			sourceTree = "<group>";
		};
		49FCC53824C484C000458DCA /* App */ = {
			isa = PBXGroup;
			children = (
				49FCC53924C484C600458DCA /* Converter */,
			);
			path = App;
			sourceTree = "<group>";
		};
		49FCC53924C484C600458DCA /* Converter */ = {
			isa = PBXGroup;
			children = (
				49FCC53A24C484D500458DCA /* DateConverterTests.swift */,
				49FCC53C24C4858800458DCA /* DurationConverterTests.swift */,
			);
			path = Converter;
			sourceTree = "<group>";
		};
		49FCC54024C48B1700458DCA /* DataSource */ = {
			isa = PBXGroup;
			children = (
				49FCC54124C48B4E00458DCA /* Aircall */,
			);
			path = DataSource;
			sourceTree = "<group>";
		};
		49FCC54124C48B4E00458DCA /* Aircall */ = {
			isa = PBXGroup;
			children = (
				49FCC54224C48D3400458DCA /* AircallRestDataSource.swift */,
			);
			path = Aircall;
			sourceTree = "<group>";
		};
		49FCC54424C4B3B700458DCA /* Data */ = {
			isa = PBXGroup;
			children = (
				49FCC54524C4B3BC00458DCA /* DataSource */,
			);
			path = Data;
			sourceTree = "<group>";
		};
		49FCC54524C4B3BC00458DCA /* DataSource */ = {
			isa = PBXGroup;
			children = (
				49FCC54624C4B3C800458DCA /* Aircall */,
			);
			path = DataSource;
			sourceTree = "<group>";
		};
		49FCC54624C4B3C800458DCA /* Aircall */ = {
			isa = PBXGroup;
			children = (
				49FCC54724C4B3F100458DCA /* AircallRestEndpointTests.swift */,
			);
			path = Aircall;
			sourceTree = "<group>";
		};
		677F23CF1FFCBBFBB5E2F8AC /* Frameworks */ = {
			isa = PBXGroup;
			children = (
				1D70ED4D8EEDE29C2F7ED913 /* libPods-Aircall.a */,
				12EAA1895F5837C21BDAE2B5 /* libPods-AircallTests.a */,
			);
			name = Frameworks;
			sourceTree = "<group>";
		};
		E921D6BC6893FDCB118A12F3 /* Pods */ = {
			isa = PBXGroup;
			children = (
				E761BBFE34DA01072652D0AD /* Pods-Aircall.debug.xcconfig */,
				F06CFA81158562D19312B085 /* Pods-Aircall.release.xcconfig */,
				6F76E2B062A688DB40DDC514 /* Pods-AircallTests.debug.xcconfig */,
				EA37A7503738617FA2280B37 /* Pods-AircallTests.release.xcconfig */,
			);
			path = Pods;
			sourceTree = "<group>";
		};
/* End PBXGroup section */

/* Begin PBXNativeTarget section */
		4938FEF624B720970066B4CD /* Aircall */ = {
			isa = PBXNativeTarget;
			buildConfigurationList = 4938FF1624B720980066B4CD /* Build configuration list for PBXNativeTarget "Aircall" */;
			buildPhases = (
				ECD448326523452734FBE770 /* [CP] Check Pods Manifest.lock */,
				10B45C617ABE386C22E6B3C9 /* [CP-User] 🛠️ Generate injection */,
				A8B147ABF03EB1B11A0AA12A /* [CP-User] 🛠️ Generate resources */,
				4938FEF324B720970066B4CD /* Sources */,
				4938FEF424B720970066B4CD /* Frameworks */,
				4938FEF524B720970066B4CD /* Resources */,
			);
			buildRules = (
			);
			dependencies = (
			);
			name = Aircall;
			productName = Aircall;
			productReference = 4938FEF724B720970066B4CD /* Aircall.app */;
			productType = "com.apple.product-type.application";
		};
		4938FF0C24B720980066B4CD /* AircallTests */ = {
			isa = PBXNativeTarget;
			buildConfigurationList = 4938FF1924B720980066B4CD /* Build configuration list for PBXNativeTarget "AircallTests" */;
			buildPhases = (
				5B827B3829AE1D0DA9411567 /* [CP] Check Pods Manifest.lock */,
				4938FF0924B720980066B4CD /* Sources */,
				4938FF0A24B720980066B4CD /* Frameworks */,
				4938FF0B24B720980066B4CD /* Resources */,
			);
			buildRules = (
			);
			dependencies = (
				4938FF0F24B720980066B4CD /* PBXTargetDependency */,
			);
			name = AircallTests;
			productName = AircallTests;
			productReference = 4938FF0D24B720980066B4CD /* AircallTests.xctest */;
			productType = "com.apple.product-type.bundle.unit-test";
		};
/* End PBXNativeTarget section */

/* Begin PBXProject section */
		4938FEEF24B720970066B4CD /* Project object */ = {
			isa = PBXProject;
			attributes = {
				LastSwiftUpdateCheck = 1140;
				LastUpgradeCheck = 1140;
				ORGANIZATIONNAME = JC;
				TargetAttributes = {
					4938FEF624B720970066B4CD = {
						CreatedOnToolsVersion = 11.4.1;
					};
					4938FF0C24B720980066B4CD = {
						CreatedOnToolsVersion = 11.4.1;
						TestTargetID = 4938FEF624B720970066B4CD;
					};
				};
			};
			buildConfigurationList = 4938FEF224B720970066B4CD /* Build configuration list for PBXProject "Aircall" */;
			compatibilityVersion = "Xcode 9.3";
			developmentRegion = en;
			hasScannedForEncodings = 0;
			knownRegions = (
				en,
				Base,
			);
			mainGroup = 4938FEEE24B720970066B4CD;
			productRefGroup = 4938FEF824B720970066B4CD /* Products */;
			projectDirPath = "";
			projectRoot = "";
			targets = (
				4938FEF624B720970066B4CD /* Aircall */,
				4938FF0C24B720980066B4CD /* AircallTests */,
			);
		};
/* End PBXProject section */

/* Begin PBXResourcesBuildPhase section */
		4938FEF524B720970066B4CD /* Resources */ = {
			isa = PBXResourcesBuildPhase;
			buildActionMask = 2147483647;
			files = (
				4938FF0724B720980066B4CD /* LaunchScreen.storyboard in Resources */,
				4938FF0424B720980066B4CD /* Assets.xcassets in Resources */,
				4938FF0224B720970066B4CD /* Main.storyboard in Resources */,
				49E4DA2724B756BE0090AFB7 /* CallDetailsPage.storyboard in Resources */,
			);
			runOnlyForDeploymentPostprocessing = 0;
		};
		4938FF0B24B720980066B4CD /* Resources */ = {
			isa = PBXResourcesBuildPhase;
			buildActionMask = 2147483647;
			files = (
			);
			runOnlyForDeploymentPostprocessing = 0;
		};
/* End PBXResourcesBuildPhase section */

/* Begin PBXShellScriptBuildPhase section */
		10B45C617ABE386C22E6B3C9 /* [CP-User] 🛠️ Generate injection */ = {
			isa = PBXShellScriptBuildPhase;
			buildActionMask = 2147483647;
			files = (
			);
			inputPaths = (
				.annotation.yml,
			);
			name = "[CP-User] 🛠️ Generate injection";
			outputFileListPaths = (
				.annotation.outputs.xcfilelist,
			);
			runOnlyForDeploymentPostprocessing = 0;
			shellPath = /bin/sh;
			shellScript = "\"${PODS_ROOT}/AnnotationInject/Scripts/annotationinject\" --config .annotation.yml\ntouch .annotation.yml\n";
		};
		5B827B3829AE1D0DA9411567 /* [CP] Check Pods Manifest.lock */ = {
			isa = PBXShellScriptBuildPhase;
			buildActionMask = 2147483647;
			files = (
			);
			inputFileListPaths = (
			);
			inputPaths = (
				"${PODS_PODFILE_DIR_PATH}/Podfile.lock",
				"${PODS_ROOT}/Manifest.lock",
			);
			name = "[CP] Check Pods Manifest.lock";
			outputFileListPaths = (
			);
			outputPaths = (
				"$(DERIVED_FILE_DIR)/Pods-AircallTests-checkManifestLockResult.txt",
			);
			runOnlyForDeploymentPostprocessing = 0;
			shellPath = /bin/sh;
			shellScript = "diff \"${PODS_PODFILE_DIR_PATH}/Podfile.lock\" \"${PODS_ROOT}/Manifest.lock\" > /dev/null\nif [ $? != 0 ] ; then\n    # print error to STDERR\n    echo \"error: The sandbox is not in sync with the Podfile.lock. Run 'pod install' or update your CocoaPods installation.\" >&2\n    exit 1\nfi\n# This output is used by Xcode 'outputs' to avoid re-running this script phase.\necho \"SUCCESS\" > \"${SCRIPT_OUTPUT_FILE_0}\"\n";
			showEnvVarsInLog = 0;
		};
		A8B147ABF03EB1B11A0AA12A /* [CP-User] 🛠️ Generate resources */ = {
			isa = PBXShellScriptBuildPhase;
			buildActionMask = 2147483647;
			files = (
			);
			inputPaths = (
				.swiftgen.yml,
			);
			name = "[CP-User] 🛠️ Generate resources";
			outputFileListPaths = (
				.swiftgen.outputs.xcfilelist,
			);
			runOnlyForDeploymentPostprocessing = 0;
			shellPath = /bin/sh;
			shellScript = "\"${PODS_ROOT}/SwiftGen/bin/swiftgen\" config run --config .swiftgen.yml\ntouch .swiftgen.yml\n";
		};
		ECD448326523452734FBE770 /* [CP] Check Pods Manifest.lock */ = {
			isa = PBXShellScriptBuildPhase;
			buildActionMask = 2147483647;
			files = (
			);
			inputFileListPaths = (
			);
			inputPaths = (
				"${PODS_PODFILE_DIR_PATH}/Podfile.lock",
				"${PODS_ROOT}/Manifest.lock",
			);
			name = "[CP] Check Pods Manifest.lock";
			outputFileListPaths = (
			);
			outputPaths = (
				"$(DERIVED_FILE_DIR)/Pods-Aircall-checkManifestLockResult.txt",
			);
			runOnlyForDeploymentPostprocessing = 0;
			shellPath = /bin/sh;
			shellScript = "diff \"${PODS_PODFILE_DIR_PATH}/Podfile.lock\" \"${PODS_ROOT}/Manifest.lock\" > /dev/null\nif [ $? != 0 ] ; then\n    # print error to STDERR\n    echo \"error: The sandbox is not in sync with the Podfile.lock. Run 'pod install' or update your CocoaPods installation.\" >&2\n    exit 1\nfi\n# This output is used by Xcode 'outputs' to avoid re-running this script phase.\necho \"SUCCESS\" > \"${SCRIPT_OUTPUT_FILE_0}\"\n";
			showEnvVarsInLog = 0;
		};
/* End PBXShellScriptBuildPhase section */

/* Begin PBXSourcesBuildPhase section */
		4938FEF324B720970066B4CD /* Sources */ = {
			isa = PBXSourcesBuildPhase;
			buildActionMask = 2147483647;
			files = (
				49FCC53F24C48A4300458DCA /* CallRepository.swift in Sources */,
				49E4DA2524B7568C0090AFB7 /* CallDetailsPageViewController.swift in Sources */,
				49E4DA3324B775E60090AFB7 /* ImageStyle.swift in Sources */,
				49E4DA3524B776C90090AFB7 /* DateConverter.swift in Sources */,
				49E4DA0824B732260090AFB7 /* StoryboardScenes.generated.swift in Sources */,
				49E4DA1424B733390090AFB7 /* Call.swift in Sources */,
				49E4DA2224B74FF00090AFB7 /* ActivityFeedPageViewModel.swift in Sources */,
				4938FEFF24B720970066B4CD /* ViewController.swift in Sources */,
				49E4DA0A24B732260090AFB7 /* ServiceResolver.generated.swift in Sources */,
				49E4DA1924B73D370090AFB7 /* ActivityFeedPageViewController.swift in Sources */,
				4938FEFB24B720970066B4CD /* AppDelegate.swift in Sources */,
				4991974324B8A91F0007EC5B /* DurationConverter.swift in Sources */,
				49E4DA3924B779030090AFB7 /* CallViewComponent.swift in Sources */,
				49E4DA3B24B77F2D0090AFB7 /* CallerConverter.swift in Sources */,
				4938FEFD24B720970066B4CD /* SceneDelegate.swift in Sources */,
				49E4DA1C24B743FC0090AFB7 /* CallViewCell.swift in Sources */,
				49E4DA3F24B77F540090AFB7 /* CallStatusConverter.swift in Sources */,
				49E4DA1724B733BC0090AFB7 /* Duration.swift in Sources */,
				49E4DA0B24B732260090AFB7 /* Register.generated.swift in Sources */,
				49E4DA1F24B7473B0090AFB7 /* CallDataSource.swift in Sources */,
				49E4DA0924B732260090AFB7 /* Assets.generated.swift in Sources */,
				49FCC54324C48D3400458DCA /* AircallRestDataSource.swift in Sources */,
				49E4DA2924B75F4F0090AFB7 /* CallDetailsPageViewModel.swift in Sources */,
				49E4DA3D24B77F480090AFB7 /* DirectionViewComponent.swift in Sources */,
			);
			runOnlyForDeploymentPostprocessing = 0;
		};
		4938FF0924B720980066B4CD /* Sources */ = {
			isa = PBXSourcesBuildPhase;
			buildActionMask = 2147483647;
			files = (
				49FCC53B24C484D500458DCA /* DateConverterTests.swift in Sources */,
				49FCC54824C4B3F100458DCA /* AircallRestEndpointTests.swift in Sources */,
				49FCC53D24C4858800458DCA /* DurationConverterTests.swift in Sources */,
			);
			runOnlyForDeploymentPostprocessing = 0;
		};
/* End PBXSourcesBuildPhase section */

/* Begin PBXTargetDependency section */
		4938FF0F24B720980066B4CD /* PBXTargetDependency */ = {
			isa = PBXTargetDependency;
			target = 4938FEF624B720970066B4CD /* Aircall */;
			targetProxy = 4938FF0E24B720980066B4CD /* PBXContainerItemProxy */;
		};
/* End PBXTargetDependency section */

/* Begin PBXVariantGroup section */
		4938FF0024B720970066B4CD /* Main.storyboard */ = {
			isa = PBXVariantGroup;
			children = (
				4938FF0124B720970066B4CD /* Base */,
			);
			name = Main.storyboard;
			sourceTree = "<group>";
		};
		4938FF0524B720980066B4CD /* LaunchScreen.storyboard */ = {
			isa = PBXVariantGroup;
			children = (
				4938FF0624B720980066B4CD /* Base */,
			);
			name = LaunchScreen.storyboard;
			sourceTree = "<group>";
		};
/* End PBXVariantGroup section */

/* Begin XCBuildConfiguration section */
		4938FF1424B720980066B4CD /* Debug */ = {
			isa = XCBuildConfiguration;
			buildSettings = {
				ALWAYS_SEARCH_USER_PATHS = NO;
				CLANG_ANALYZER_NONNULL = YES;
				CLANG_ANALYZER_NUMBER_OBJECT_CONVERSION = YES_AGGRESSIVE;
				CLANG_CXX_LANGUAGE_STANDARD = "gnu++14";
				CLANG_CXX_LIBRARY = "libc++";
				CLANG_ENABLE_MODULES = YES;
				CLANG_ENABLE_OBJC_ARC = YES;
				CLANG_ENABLE_OBJC_WEAK = YES;
				CLANG_WARN_BLOCK_CAPTURE_AUTORELEASING = YES;
				CLANG_WARN_BOOL_CONVERSION = YES;
				CLANG_WARN_COMMA = YES;
				CLANG_WARN_CONSTANT_CONVERSION = YES;
				CLANG_WARN_DEPRECATED_OBJC_IMPLEMENTATIONS = YES;
				CLANG_WARN_DIRECT_OBJC_ISA_USAGE = YES_ERROR;
				CLANG_WARN_DOCUMENTATION_COMMENTS = YES;
				CLANG_WARN_EMPTY_BODY = YES;
				CLANG_WARN_ENUM_CONVERSION = YES;
				CLANG_WARN_INFINITE_RECURSION = YES;
				CLANG_WARN_INT_CONVERSION = YES;
				CLANG_WARN_NON_LITERAL_NULL_CONVERSION = YES;
				CLANG_WARN_OBJC_IMPLICIT_RETAIN_SELF = YES;
				CLANG_WARN_OBJC_LITERAL_CONVERSION = YES;
				CLANG_WARN_OBJC_ROOT_CLASS = YES_ERROR;
				CLANG_WARN_RANGE_LOOP_ANALYSIS = YES;
				CLANG_WARN_STRICT_PROTOTYPES = YES;
				CLANG_WARN_SUSPICIOUS_MOVE = YES;
				CLANG_WARN_UNGUARDED_AVAILABILITY = YES_AGGRESSIVE;
				CLANG_WARN_UNREACHABLE_CODE = YES;
				CLANG_WARN__DUPLICATE_METHOD_MATCH = YES;
				COPY_PHASE_STRIP = NO;
				DEBUG_INFORMATION_FORMAT = dwarf;
				ENABLE_STRICT_OBJC_MSGSEND = YES;
				ENABLE_TESTABILITY = YES;
				GCC_C_LANGUAGE_STANDARD = gnu11;
				GCC_DYNAMIC_NO_PIC = NO;
				GCC_NO_COMMON_BLOCKS = YES;
				GCC_OPTIMIZATION_LEVEL = 0;
				GCC_PREPROCESSOR_DEFINITIONS = (
					"DEBUG=1",
					"$(inherited)",
				);
				GCC_WARN_64_TO_32_BIT_CONVERSION = YES;
				GCC_WARN_ABOUT_RETURN_TYPE = YES_ERROR;
				GCC_WARN_UNDECLARED_SELECTOR = YES;
				GCC_WARN_UNINITIALIZED_AUTOS = YES_AGGRESSIVE;
				GCC_WARN_UNUSED_FUNCTION = YES;
				GCC_WARN_UNUSED_VARIABLE = YES;
				IPHONEOS_DEPLOYMENT_TARGET = 13.4;
				MTL_ENABLE_DEBUG_INFO = INCLUDE_SOURCE;
				MTL_FAST_MATH = YES;
				ONLY_ACTIVE_ARCH = YES;
				SDKROOT = iphoneos;
				SWIFT_ACTIVE_COMPILATION_CONDITIONS = DEBUG;
				SWIFT_OPTIMIZATION_LEVEL = "-Onone";
			};
			name = Debug;
		};
		4938FF1524B720980066B4CD /* Release */ = {
			isa = XCBuildConfiguration;
			buildSettings = {
				ALWAYS_SEARCH_USER_PATHS = NO;
				CLANG_ANALYZER_NONNULL = YES;
				CLANG_ANALYZER_NUMBER_OBJECT_CONVERSION = YES_AGGRESSIVE;
				CLANG_CXX_LANGUAGE_STANDARD = "gnu++14";
				CLANG_CXX_LIBRARY = "libc++";
				CLANG_ENABLE_MODULES = YES;
				CLANG_ENABLE_OBJC_ARC = YES;
				CLANG_ENABLE_OBJC_WEAK = YES;
				CLANG_WARN_BLOCK_CAPTURE_AUTORELEASING = YES;
				CLANG_WARN_BOOL_CONVERSION = YES;
				CLANG_WARN_COMMA = YES;
				CLANG_WARN_CONSTANT_CONVERSION = YES;
				CLANG_WARN_DEPRECATED_OBJC_IMPLEMENTATIONS = YES;
				CLANG_WARN_DIRECT_OBJC_ISA_USAGE = YES_ERROR;
				CLANG_WARN_DOCUMENTATION_COMMENTS = YES;
				CLANG_WARN_EMPTY_BODY = YES;
				CLANG_WARN_ENUM_CONVERSION = YES;
				CLANG_WARN_INFINITE_RECURSION = YES;
				CLANG_WARN_INT_CONVERSION = YES;
				CLANG_WARN_NON_LITERAL_NULL_CONVERSION = YES;
				CLANG_WARN_OBJC_IMPLICIT_RETAIN_SELF = YES;
				CLANG_WARN_OBJC_LITERAL_CONVERSION = YES;
				CLANG_WARN_OBJC_ROOT_CLASS = YES_ERROR;
				CLANG_WARN_RANGE_LOOP_ANALYSIS = YES;
				CLANG_WARN_STRICT_PROTOTYPES = YES;
				CLANG_WARN_SUSPICIOUS_MOVE = YES;
				CLANG_WARN_UNGUARDED_AVAILABILITY = YES_AGGRESSIVE;
				CLANG_WARN_UNREACHABLE_CODE = YES;
				CLANG_WARN__DUPLICATE_METHOD_MATCH = YES;
				COPY_PHASE_STRIP = NO;
				DEBUG_INFORMATION_FORMAT = "dwarf-with-dsym";
				ENABLE_NS_ASSERTIONS = NO;
				ENABLE_STRICT_OBJC_MSGSEND = YES;
				GCC_C_LANGUAGE_STANDARD = gnu11;
				GCC_NO_COMMON_BLOCKS = YES;
				GCC_WARN_64_TO_32_BIT_CONVERSION = YES;
				GCC_WARN_ABOUT_RETURN_TYPE = YES_ERROR;
				GCC_WARN_UNDECLARED_SELECTOR = YES;
				GCC_WARN_UNINITIALIZED_AUTOS = YES_AGGRESSIVE;
				GCC_WARN_UNUSED_FUNCTION = YES;
				GCC_WARN_UNUSED_VARIABLE = YES;
				IPHONEOS_DEPLOYMENT_TARGET = 13.4;
				MTL_ENABLE_DEBUG_INFO = NO;
				MTL_FAST_MATH = YES;
				SDKROOT = iphoneos;
				SWIFT_COMPILATION_MODE = wholemodule;
				SWIFT_OPTIMIZATION_LEVEL = "-O";
				VALIDATE_PRODUCT = YES;
			};
			name = Release;
		};
		4938FF1724B720980066B4CD /* Debug */ = {
			isa = XCBuildConfiguration;
			baseConfigurationReference = E761BBFE34DA01072652D0AD /* Pods-Aircall.debug.xcconfig */;
			buildSettings = {
				ASSETCATALOG_COMPILER_APPICON_NAME = AppIcon;
				CODE_SIGN_STYLE = Automatic;
				INFOPLIST_FILE = Aircall/Info.plist;
				IPHONEOS_DEPLOYMENT_TARGET = 13.0;
				LD_RUNPATH_SEARCH_PATHS = (
					"$(inherited)",
					"@executable_path/Frameworks",
				);
				PRODUCT_BUNDLE_IDENTIFIER = fr.dotace.Aircall;
				PRODUCT_NAME = "$(TARGET_NAME)";
				SWIFT_VERSION = 5.0;
				TARGETED_DEVICE_FAMILY = "1,2";
			};
			name = Debug;
		};
		4938FF1824B720980066B4CD /* Release */ = {
			isa = XCBuildConfiguration;
			baseConfigurationReference = F06CFA81158562D19312B085 /* Pods-Aircall.release.xcconfig */;
			buildSettings = {
				ASSETCATALOG_COMPILER_APPICON_NAME = AppIcon;
				CODE_SIGN_STYLE = Automatic;
				INFOPLIST_FILE = Aircall/Info.plist;
				IPHONEOS_DEPLOYMENT_TARGET = 13.0;
				LD_RUNPATH_SEARCH_PATHS = (
					"$(inherited)",
					"@executable_path/Frameworks",
				);
				PRODUCT_BUNDLE_IDENTIFIER = fr.dotace.Aircall;
				PRODUCT_NAME = "$(TARGET_NAME)";
				SWIFT_VERSION = 5.0;
				TARGETED_DEVICE_FAMILY = "1,2";
			};
			name = Release;
		};
		4938FF1A24B720980066B4CD /* Debug */ = {
			isa = XCBuildConfiguration;
			baseConfigurationReference = 6F76E2B062A688DB40DDC514 /* Pods-AircallTests.debug.xcconfig */;
			buildSettings = {
				BUNDLE_LOADER = "$(TEST_HOST)";
				CODE_SIGN_STYLE = Automatic;
				INFOPLIST_FILE = AircallTests/Info.plist;
				IPHONEOS_DEPLOYMENT_TARGET = 13.4;
				LD_RUNPATH_SEARCH_PATHS = (
					"$(inherited)",
					"@executable_path/Frameworks",
					"@loader_path/Frameworks",
				);
				PRODUCT_BUNDLE_IDENTIFIER = fr.dotace.AircallTests;
				PRODUCT_NAME = "$(TARGET_NAME)";
				SWIFT_VERSION = 5.0;
				TARGETED_DEVICE_FAMILY = "1,2";
				TEST_HOST = "$(BUILT_PRODUCTS_DIR)/Aircall.app/Aircall";
			};
			name = Debug;
		};
		4938FF1B24B720980066B4CD /* Release */ = {
			isa = XCBuildConfiguration;
			baseConfigurationReference = EA37A7503738617FA2280B37 /* Pods-AircallTests.release.xcconfig */;
			buildSettings = {
				BUNDLE_LOADER = "$(TEST_HOST)";
				CODE_SIGN_STYLE = Automatic;
				INFOPLIST_FILE = AircallTests/Info.plist;
				IPHONEOS_DEPLOYMENT_TARGET = 13.4;
				LD_RUNPATH_SEARCH_PATHS = (
					"$(inherited)",
					"@executable_path/Frameworks",
					"@loader_path/Frameworks",
				);
				PRODUCT_BUNDLE_IDENTIFIER = fr.dotace.AircallTests;
				PRODUCT_NAME = "$(TARGET_NAME)";
				SWIFT_VERSION = 5.0;
				TARGETED_DEVICE_FAMILY = "1,2";
				TEST_HOST = "$(BUILT_PRODUCTS_DIR)/Aircall.app/Aircall";
			};
			name = Release;
		};
/* End XCBuildConfiguration section */

/* Begin XCConfigurationList section */
		4938FEF224B720970066B4CD /* Build configuration list for PBXProject "Aircall" */ = {
			isa = XCConfigurationList;
			buildConfigurations = (
				4938FF1424B720980066B4CD /* Debug */,
				4938FF1524B720980066B4CD /* Release */,
			);
			defaultConfigurationIsVisible = 0;
			defaultConfigurationName = Release;
		};
		4938FF1624B720980066B4CD /* Build configuration list for PBXNativeTarget "Aircall" */ = {
			isa = XCConfigurationList;
			buildConfigurations = (
				4938FF1724B720980066B4CD /* Debug */,
				4938FF1824B720980066B4CD /* Release */,
			);
			defaultConfigurationIsVisible = 0;
			defaultConfigurationName = Release;
		};
		4938FF1924B720980066B4CD /* Build configuration list for PBXNativeTarget "AircallTests" */ = {
			isa = XCConfigurationList;
			buildConfigurations = (
				4938FF1A24B720980066B4CD /* Debug */,
				4938FF1B24B720980066B4CD /* Release */,
			);
			defaultConfigurationIsVisible = 0;
			defaultConfigurationName = Release;
		};
/* End XCConfigurationList section */
	};
	rootObject = 4938FEEF24B720970066B4CD /* Project object */;
}
